<?xml version="1.0" encoding="utf-8"?>
<Project ToolsVersion="4.0" xmlns="http://schemas.microsoft.com/developer/msbuild/2003">
  <ItemGroup>
    <Filter Include="Sources">
      <UniqueIdentifier>{8b7ed093-66ce-4096-96d2-fbb9faa4bf52}</UniqueIdentifier>
    </Filter>
    <Filter Include="Sources\Modules">
      <UniqueIdentifier>{7b418be2-1631-4a31-9ef2-8a8b234a7339}</UniqueIdentifier>
    </Filter>
    <Filter Include="Sources\Containers">
      <UniqueIdentifier>{afc36133-f401-499a-aa33-0da1e500fb52}</UniqueIdentifier>
    </Filter>
    <Filter Include="Sources\Tools">
      <UniqueIdentifier>{7e4dfaf7-022c-4f7d-92aa-f3b3fa9d6248}</UniqueIdentifier>
    </Filter>
    <Filter Include="Sources\Helpers">
      <UniqueIdentifier>{121f8e6b-df36-4ab0-be0d-601ddfc9e503}</UniqueIdentifier>
    </Filter>
    <Filter Include="Sources\3rd Party">
      <UniqueIdentifier>{b2f06591-4a2f-4f1a-b2c3-ec97abe858bd}</UniqueIdentifier>
    </Filter>
    <Filter Include="Sources\3rd Party\Imgui">
      <UniqueIdentifier>{f7888359-da37-45c4-8d2e-17a43052f8eb}</UniqueIdentifier>
    </Filter>
    <Filter Include="Sources\3rd Party\glew">
      <UniqueIdentifier>{c648dacd-421c-454d-a205-9553c6c8ac71}</UniqueIdentifier>
    </Filter>
    <Filter Include="Sources\3rd Party\MathGeoLib">
      <UniqueIdentifier>{01599f35-9d98-4c32-97cd-10d59b77238d}</UniqueIdentifier>
    </Filter>
    <Filter Include="Sources\3rd Party\MathGeoLib\Time">
      <UniqueIdentifier>{5cc108ab-92b1-4d1f-87f2-7f875099ec23}</UniqueIdentifier>
    </Filter>
    <Filter Include="Sources\3rd Party\MathGeoLib\Math">
      <UniqueIdentifier>{94dc7abf-96a8-4bc6-af1f-15a324109b51}</UniqueIdentifier>
    </Filter>
    <Filter Include="Sources\3rd Party\MathGeoLib\Geometry">
      <UniqueIdentifier>{0bc7b881-f745-4fec-a587-00ff9b66ccf7}</UniqueIdentifier>
    </Filter>
    <Filter Include="Sources\3rd Party\MathGeoLib\Algorithm">
      <UniqueIdentifier>{6f1c0a8f-b2fb-4624-8df5-7ef219d7f819}</UniqueIdentifier>
    </Filter>
    <Filter Include="Sources\3rd Party\Imgui\ImGuizmo">
      <UniqueIdentifier>{c81c6438-ce78-45c3-b22a-328e33578912}</UniqueIdentifier>
    </Filter>
  </ItemGroup>
  <ItemGroup>
    <ClInclude Include="Module.h">
      <Filter>Sources\Modules</Filter>
    </ClInclude>
    <ClInclude Include="ModuleCamera3D.h">
      <Filter>Sources\Modules</Filter>
    </ClInclude>
    <ClInclude Include="ModuleInput.h">
      <Filter>Sources\Modules</Filter>
    </ClInclude>
    <ClInclude Include="ModuleRenderer3D.h">
      <Filter>Sources\Modules</Filter>
    </ClInclude>
    <ClInclude Include="ModuleWindow.h">
      <Filter>Sources\Modules</Filter>
    </ClInclude>
    <ClInclude Include="glmath.h">
      <Filter>Sources\Containers</Filter>
    </ClInclude>
    <ClInclude Include="Application.h">
      <Filter>Sources</Filter>
    </ClInclude>
    <ClInclude Include="Globals.h">
      <Filter>Sources</Filter>
    </ClInclude>
    <ClInclude Include="Color.h">
      <Filter>Sources\Containers</Filter>
    </ClInclude>
    <ClInclude Include="Light.h">
      <Filter>Sources\Helpers</Filter>
    </ClInclude>
    <ClInclude Include="Timer.h">
      <Filter>Sources\Tools</Filter>
    </ClInclude>
    <ClInclude Include="ModuleSceneIntro.h">
      <Filter>Sources\Modules</Filter>
    </ClInclude>
    <ClInclude Include="Source\Imgui\imconfig.h">
      <Filter>Sources\3rd Party\Imgui</Filter>
    </ClInclude>
    <ClInclude Include="Source\Imgui\imgui.h">
      <Filter>Sources\3rd Party\Imgui</Filter>
    </ClInclude>
    <ClInclude Include="Source\Imgui\imgui_internal.h">
      <Filter>Sources\3rd Party\Imgui</Filter>
    </ClInclude>
    <ClInclude Include="Source\Imgui\imstb_rectpack.h">
      <Filter>Sources\3rd Party\Imgui</Filter>
    </ClInclude>
    <ClInclude Include="Source\Imgui\imstb_textedit.h">
      <Filter>Sources\3rd Party\Imgui</Filter>
    </ClInclude>
    <ClInclude Include="Source\Imgui\imstb_truetype.h">
      <Filter>Sources\3rd Party\Imgui</Filter>
    </ClInclude>
    <ClInclude Include="Source\Imgui\imgui_impl_sdl.h">
      <Filter>Sources\3rd Party\Imgui</Filter>
    </ClInclude>
    <ClInclude Include="ModuleGui.h">
      <Filter>Sources\Modules</Filter>
    </ClInclude>
    <ClInclude Include="Source\glew\include\GL\eglew.h">
      <Filter>Sources\3rd Party\glew</Filter>
    </ClInclude>
    <ClInclude Include="Source\glew\include\GL\glew.h">
      <Filter>Sources\3rd Party\glew</Filter>
    </ClInclude>
    <ClInclude Include="Source\glew\include\GL\glxew.h">
      <Filter>Sources\3rd Party\glew</Filter>
    </ClInclude>
    <ClInclude Include="Source\glew\include\GL\wglew.h">
      <Filter>Sources\3rd Party\glew</Filter>
    </ClInclude>
    <ClInclude Include="Source\Imgui\imgui_impl_opengl3.h">
      <Filter>Sources\3rd Party\Imgui</Filter>
    </ClInclude>
    <ClInclude Include="Math.h">
      <Filter>Sources\Tools</Filter>
    </ClInclude>
    <ClInclude Include="Source\MathGeoLib\include\Time\Clock.h">
      <Filter>Sources\3rd Party\MathGeoLib\Time</Filter>
    </ClInclude>
    <ClInclude Include="Source\MathGeoLib\include\Math\assume.h">
      <Filter>Sources\3rd Party\MathGeoLib\Math</Filter>
    </ClInclude>
    <ClInclude Include="Source\MathGeoLib\include\Math\BitOps.h">
      <Filter>Sources\3rd Party\MathGeoLib\Math</Filter>
    </ClInclude>
    <ClInclude Include="Source\MathGeoLib\include\Math\Complex.h">
      <Filter>Sources\3rd Party\MathGeoLib\Math</Filter>
    </ClInclude>
    <ClInclude Include="Source\MathGeoLib\include\Math\CoordinateAxisConvention.h">
      <Filter>Sources\3rd Party\MathGeoLib\Math</Filter>
    </ClInclude>
    <ClInclude Include="Source\MathGeoLib\include\Math\FixedPoint.h">
      <Filter>Sources\3rd Party\MathGeoLib\Math</Filter>
    </ClInclude>
    <ClInclude Include="Source\MathGeoLib\include\Math\float2.h">
      <Filter>Sources\3rd Party\MathGeoLib\Math</Filter>
    </ClInclude>
    <ClInclude Include="Source\MathGeoLib\include\Math\float3.h">
      <Filter>Sources\3rd Party\MathGeoLib\Math</Filter>
    </ClInclude>
    <ClInclude Include="Source\MathGeoLib\include\Math\float3x3.h">
      <Filter>Sources\3rd Party\MathGeoLib\Math</Filter>
    </ClInclude>
    <ClInclude Include="Source\MathGeoLib\include\Math\float3x4.h">
      <Filter>Sources\3rd Party\MathGeoLib\Math</Filter>
    </ClInclude>
    <ClInclude Include="Source\MathGeoLib\include\Math\float4.h">
      <Filter>Sources\3rd Party\MathGeoLib\Math</Filter>
    </ClInclude>
    <ClInclude Include="Source\MathGeoLib\include\Math\float4_neon.h">
      <Filter>Sources\3rd Party\MathGeoLib\Math</Filter>
    </ClInclude>
    <ClInclude Include="Source\MathGeoLib\include\Math\float4_sse.h">
      <Filter>Sources\3rd Party\MathGeoLib\Math</Filter>
    </ClInclude>
    <ClInclude Include="Source\MathGeoLib\include\Math\float4x4.h">
      <Filter>Sources\3rd Party\MathGeoLib\Math</Filter>
    </ClInclude>
    <ClInclude Include="Source\MathGeoLib\include\Math\float4x4_neon.h">
      <Filter>Sources\3rd Party\MathGeoLib\Math</Filter>
    </ClInclude>
    <ClInclude Include="Source\MathGeoLib\include\Math\float4x4_sse.h">
      <Filter>Sources\3rd Party\MathGeoLib\Math</Filter>
    </ClInclude>
    <ClInclude Include="Source\MathGeoLib\include\Math\FloatCmp.h">
      <Filter>Sources\3rd Party\MathGeoLib\Math</Filter>
    </ClInclude>
    <ClInclude Include="Source\MathGeoLib\include\Math\MathAll.h">
      <Filter>Sources\3rd Party\MathGeoLib\Math</Filter>
    </ClInclude>
    <ClInclude Include="Source\MathGeoLib\include\Math\MathConstants.h">
      <Filter>Sources\3rd Party\MathGeoLib\Math</Filter>
    </ClInclude>
    <ClInclude Include="Source\MathGeoLib\include\Math\MathFunc.h">
      <Filter>Sources\3rd Party\MathGeoLib\Math</Filter>
    </ClInclude>
    <ClInclude Include="Source\MathGeoLib\include\Math\MathLog.h">
      <Filter>Sources\3rd Party\MathGeoLib\Math</Filter>
    </ClInclude>
    <ClInclude Include="Source\MathGeoLib\include\Math\MathNamespace.h">
      <Filter>Sources\3rd Party\MathGeoLib\Math</Filter>
    </ClInclude>
    <ClInclude Include="Source\MathGeoLib\include\Math\MathTypes.h">
      <Filter>Sources\3rd Party\MathGeoLib\Math</Filter>
    </ClInclude>
    <ClInclude Include="Source\MathGeoLib\include\Math\MatrixProxy.h">
      <Filter>Sources\3rd Party\MathGeoLib\Math</Filter>
    </ClInclude>
    <ClInclude Include="Source\MathGeoLib\include\Math\myassert.h">
      <Filter>Sources\3rd Party\MathGeoLib\Math</Filter>
    </ClInclude>
    <ClInclude Include="Source\MathGeoLib\include\Math\Polynomial.h">
      <Filter>Sources\3rd Party\MathGeoLib\Math</Filter>
    </ClInclude>
    <ClInclude Include="Source\MathGeoLib\include\Math\Quat.h">
      <Filter>Sources\3rd Party\MathGeoLib\Math</Filter>
    </ClInclude>
    <ClInclude Include="Source\MathGeoLib\include\Math\quat_simd.h">
      <Filter>Sources\3rd Party\MathGeoLib\Math</Filter>
    </ClInclude>
    <ClInclude Include="Source\MathGeoLib\include\Math\Rect.h">
      <Filter>Sources\3rd Party\MathGeoLib\Math</Filter>
    </ClInclude>
    <ClInclude Include="Source\MathGeoLib\include\Math\Reinterpret.h">
      <Filter>Sources\3rd Party\MathGeoLib\Math</Filter>
    </ClInclude>
    <ClInclude Include="Source\MathGeoLib\include\Math\sse_mathfun.h">
      <Filter>Sources\3rd Party\MathGeoLib\Math</Filter>
    </ClInclude>
    <ClInclude Include="Source\MathGeoLib\include\Math\SSEMath.h">
      <Filter>Sources\3rd Party\MathGeoLib\Math</Filter>
    </ClInclude>
    <ClInclude Include="Source\MathGeoLib\include\Math\TransformOps.h">
      <Filter>Sources\3rd Party\MathGeoLib\Math</Filter>
    </ClInclude>
    <ClInclude Include="Source\MathGeoLib\include\MathGeoLib.h">
      <Filter>Sources\3rd Party\MathGeoLib</Filter>
    </ClInclude>
    <ClInclude Include="Source\MathGeoLib\include\MathBuildConfig.h">
      <Filter>Sources\3rd Party\MathGeoLib</Filter>
    </ClInclude>
    <ClInclude Include="Source\MathGeoLib\include\Geometry\AABB.h">
      <Filter>Sources\3rd Party\MathGeoLib\Geometry</Filter>
    </ClInclude>
    <ClInclude Include="Source\MathGeoLib\include\Geometry\AABB2D.h">
      <Filter>Sources\3rd Party\MathGeoLib\Geometry</Filter>
    </ClInclude>
    <ClInclude Include="Source\MathGeoLib\include\Geometry\Capsule.h">
      <Filter>Sources\3rd Party\MathGeoLib\Geometry</Filter>
    </ClInclude>
    <ClInclude Include="Source\MathGeoLib\include\Geometry\Circle.h">
      <Filter>Sources\3rd Party\MathGeoLib\Geometry</Filter>
    </ClInclude>
    <ClInclude Include="Source\MathGeoLib\include\Geometry\Cone.h">
      <Filter>Sources\3rd Party\MathGeoLib\Geometry</Filter>
    </ClInclude>
    <ClInclude Include="Source\MathGeoLib\include\Geometry\Cylinder.h">
      <Filter>Sources\3rd Party\MathGeoLib\Geometry</Filter>
    </ClInclude>
    <ClInclude Include="Source\MathGeoLib\include\Geometry\Frustum.h">
      <Filter>Sources\3rd Party\MathGeoLib\Geometry</Filter>
    </ClInclude>
    <ClInclude Include="Source\MathGeoLib\include\Geometry\GeometryAll.h">
      <Filter>Sources\3rd Party\MathGeoLib\Geometry</Filter>
    </ClInclude>
    <ClInclude Include="Source\MathGeoLib\include\Geometry\GeomType.h">
      <Filter>Sources\3rd Party\MathGeoLib\Geometry</Filter>
    </ClInclude>
    <ClInclude Include="Source\MathGeoLib\include\Geometry\HitInfo.h">
      <Filter>Sources\3rd Party\MathGeoLib\Geometry</Filter>
    </ClInclude>
    <ClInclude Include="Source\MathGeoLib\include\Geometry\KDTree.h">
      <Filter>Sources\3rd Party\MathGeoLib\Geometry</Filter>
    </ClInclude>
    <ClInclude Include="Source\MathGeoLib\include\Geometry\Line.h">
      <Filter>Sources\3rd Party\MathGeoLib\Geometry</Filter>
    </ClInclude>
    <ClInclude Include="Source\MathGeoLib\include\Geometry\LineSegment.h">
      <Filter>Sources\3rd Party\MathGeoLib\Geometry</Filter>
    </ClInclude>
    <ClInclude Include="Source\MathGeoLib\include\Geometry\OBB.h">
      <Filter>Sources\3rd Party\MathGeoLib\Geometry</Filter>
    </ClInclude>
    <ClInclude Include="Source\MathGeoLib\include\Geometry\PBVolume.h">
      <Filter>Sources\3rd Party\MathGeoLib\Geometry</Filter>
    </ClInclude>
    <ClInclude Include="Source\MathGeoLib\include\Geometry\Plane.h">
      <Filter>Sources\3rd Party\MathGeoLib\Geometry</Filter>
    </ClInclude>
    <ClInclude Include="Source\MathGeoLib\include\Geometry\Polygon.h">
      <Filter>Sources\3rd Party\MathGeoLib\Geometry</Filter>
    </ClInclude>
    <ClInclude Include="Source\MathGeoLib\include\Geometry\Polyhedron.h">
      <Filter>Sources\3rd Party\MathGeoLib\Geometry</Filter>
    </ClInclude>
    <ClInclude Include="Source\MathGeoLib\include\Geometry\QuadTree.h">
      <Filter>Sources\3rd Party\MathGeoLib\Geometry</Filter>
    </ClInclude>
    <ClInclude Include="Source\MathGeoLib\include\Geometry\Ray.h">
      <Filter>Sources\3rd Party\MathGeoLib\Geometry</Filter>
    </ClInclude>
    <ClInclude Include="Source\MathGeoLib\include\Geometry\Sphere.h">
      <Filter>Sources\3rd Party\MathGeoLib\Geometry</Filter>
    </ClInclude>
    <ClInclude Include="Source\MathGeoLib\include\Geometry\Triangle.h">
      <Filter>Sources\3rd Party\MathGeoLib\Geometry</Filter>
    </ClInclude>
    <ClInclude Include="Source\MathGeoLib\include\Geometry\TriangleMesh.h">
      <Filter>Sources\3rd Party\MathGeoLib\Geometry</Filter>
    </ClInclude>
    <ClInclude Include="Source\MathGeoLib\include\Algorithm\Random\LCG.h">
      <Filter>Sources\3rd Party\MathGeoLib\Algorithm</Filter>
    </ClInclude>
    <ClInclude Include="Source\Imgui\ImGuizmo\ImGuizmo.h">
      <Filter>Sources\3rd Party\Imgui\ImGuizmo</Filter>
    </ClInclude>
    <ClInclude Include="Primitive.h">
      <Filter>Sources\Helpers</Filter>
    </ClInclude>
    <ClInclude Include="ModuleHardware.h">
      <Filter>Sources\Modules</Filter>
    </ClInclude>
  </ItemGroup>
  <ItemGroup>
    <ClCompile Include="ModuleCamera3D.cpp">
      <Filter>Sources\Modules</Filter>
    </ClCompile>
    <ClCompile Include="ModuleInput.cpp">
      <Filter>Sources\Modules</Filter>
    </ClCompile>
    <ClCompile Include="ModuleRenderer3D.cpp">
      <Filter>Sources\Modules</Filter>
    </ClCompile>
    <ClCompile Include="ModuleWindow.cpp">
      <Filter>Sources\Modules</Filter>
    </ClCompile>
    <ClCompile Include="log.cpp">
      <Filter>Sources\Tools</Filter>
    </ClCompile>
    <ClCompile Include="Timer.cpp">
      <Filter>Sources\Tools</Filter>
    </ClCompile>
    <ClCompile Include="Application.cpp">
      <Filter>Sources</Filter>
    </ClCompile>
    <ClCompile Include="Main.cpp">
      <Filter>Sources</Filter>
    </ClCompile>
    <ClCompile Include="glmath.cpp">
      <Filter>Sources\Containers</Filter>
    </ClCompile>
    <ClCompile Include="Color.cpp">
      <Filter>Sources\Containers</Filter>
    </ClCompile>
    <ClCompile Include="Light.cpp">
      <Filter>Sources\Helpers</Filter>
    </ClCompile>
    <ClCompile Include="ModuleSceneIntro.cpp">
      <Filter>Sources\Modules</Filter>
    </ClCompile>
    <ClCompile Include="Source\Imgui\imgui.cpp">
      <Filter>Sources\3rd Party\Imgui</Filter>
    </ClCompile>
    <ClCompile Include="Source\Imgui\imgui_demo.cpp">
      <Filter>Sources\3rd Party\Imgui</Filter>
    </ClCompile>
    <ClCompile Include="Source\Imgui\imgui_draw.cpp">
      <Filter>Sources\3rd Party\Imgui</Filter>
    </ClCompile>
    <ClCompile Include="Source\Imgui\imgui_widgets.cpp">
      <Filter>Sources\3rd Party\Imgui</Filter>
    </ClCompile>
    <ClCompile Include="Source\Imgui\imgui_impl_sdl.cpp">
      <Filter>Sources\3rd Party\Imgui</Filter>
    </ClCompile>
    <ClCompile Include="ModuleGui.cpp">
      <Filter>Sources\Modules</Filter>
    </ClCompile>
    <ClCompile Include="Source\Imgui\imgui_impl_opengl3.cpp">
      <Filter>Sources\3rd Party\Imgui</Filter>
    </ClCompile>
    <ClCompile Include="Source\MathGeoLib\include\Time\Clock.cpp">
      <Filter>Sources\3rd Party\MathGeoLib\Time</Filter>
    </ClCompile>
    <ClCompile Include="Source\MathGeoLib\include\Math\BitOps.cpp">
      <Filter>Sources\3rd Party\MathGeoLib\Math</Filter>
    </ClCompile>
    <ClCompile Include="Source\MathGeoLib\include\Math\float2.cpp">
      <Filter>Sources\3rd Party\MathGeoLib\Math</Filter>
    </ClCompile>
    <ClCompile Include="Source\MathGeoLib\include\Math\float3.cpp">
      <Filter>Sources\3rd Party\MathGeoLib\Math</Filter>
    </ClCompile>
    <ClCompile Include="Source\MathGeoLib\include\Math\float3x3.cpp">
      <Filter>Sources\3rd Party\MathGeoLib\Math</Filter>
    </ClCompile>
    <ClCompile Include="Source\MathGeoLib\include\Math\float3x4.cpp">
      <Filter>Sources\3rd Party\MathGeoLib\Math</Filter>
    </ClCompile>
    <ClCompile Include="Source\MathGeoLib\include\Math\float4.cpp">
      <Filter>Sources\3rd Party\MathGeoLib\Math</Filter>
    </ClCompile>
    <ClCompile Include="Source\MathGeoLib\include\Math\float4x4.cpp">
      <Filter>Sources\3rd Party\MathGeoLib\Math</Filter>
    </ClCompile>
    <ClCompile Include="Source\MathGeoLib\include\Math\MathFunc.cpp">
      <Filter>Sources\3rd Party\MathGeoLib\Math</Filter>
    </ClCompile>
    <ClCompile Include="Source\MathGeoLib\include\Math\MathLog.cpp">
      <Filter>Sources\3rd Party\MathGeoLib\Math</Filter>
    </ClCompile>
    <ClCompile Include="Source\MathGeoLib\include\Math\MathOps.cpp">
      <Filter>Sources\3rd Party\MathGeoLib\Math</Filter>
    </ClCompile>
    <ClCompile Include="Source\MathGeoLib\include\Math\Polynomial.cpp">
      <Filter>Sources\3rd Party\MathGeoLib\Math</Filter>
    </ClCompile>
    <ClCompile Include="Source\MathGeoLib\include\Math\Quat.cpp">
      <Filter>Sources\3rd Party\MathGeoLib\Math</Filter>
    </ClCompile>
    <ClCompile Include="Source\MathGeoLib\include\Math\SSEMath.cpp">
      <Filter>Sources\3rd Party\MathGeoLib\Math</Filter>
    </ClCompile>
    <ClCompile Include="Source\MathGeoLib\include\Math\TransformOps.cpp">
      <Filter>Sources\3rd Party\MathGeoLib\Math</Filter>
    </ClCompile>
    <ClCompile Include="Source\MathGeoLib\include\Geometry\AABB.cpp">
      <Filter>Sources\3rd Party\MathGeoLib\Geometry</Filter>
    </ClCompile>
    <ClCompile Include="Source\MathGeoLib\include\Geometry\Capsule.cpp">
      <Filter>Sources\3rd Party\MathGeoLib\Geometry</Filter>
    </ClCompile>
    <ClCompile Include="Source\MathGeoLib\include\Geometry\Circle.cpp">
      <Filter>Sources\3rd Party\MathGeoLib\Geometry</Filter>
    </ClCompile>
    <ClCompile Include="Source\MathGeoLib\include\Geometry\Cone.cpp">
      <Filter>Sources\3rd Party\MathGeoLib\Geometry</Filter>
    </ClCompile>
    <ClCompile Include="Source\MathGeoLib\include\Geometry\Cylinder.cpp">
      <Filter>Sources\3rd Party\MathGeoLib\Geometry</Filter>
    </ClCompile>
    <ClCompile Include="Source\MathGeoLib\include\Geometry\Frustum.cpp">
      <Filter>Sources\3rd Party\MathGeoLib\Geometry</Filter>
    </ClCompile>
    <ClCompile Include="Source\MathGeoLib\include\Geometry\Line.cpp">
      <Filter>Sources\3rd Party\MathGeoLib\Geometry</Filter>
    </ClCompile>
    <ClCompile Include="Source\MathGeoLib\include\Geometry\LineSegment.cpp">
      <Filter>Sources\3rd Party\MathGeoLib\Geometry</Filter>
    </ClCompile>
    <ClCompile Include="Source\MathGeoLib\include\Geometry\OBB.cpp">
      <Filter>Sources\3rd Party\MathGeoLib\Geometry</Filter>
    </ClCompile>
    <ClCompile Include="Source\MathGeoLib\include\Geometry\Plane.cpp">
      <Filter>Sources\3rd Party\MathGeoLib\Geometry</Filter>
    </ClCompile>
    <ClCompile Include="Source\MathGeoLib\include\Geometry\Polygon.cpp">
      <Filter>Sources\3rd Party\MathGeoLib\Geometry</Filter>
    </ClCompile>
    <ClCompile Include="Source\MathGeoLib\include\Geometry\Polyhedron.cpp">
      <Filter>Sources\3rd Party\MathGeoLib\Geometry</Filter>
    </ClCompile>
    <ClCompile Include="Source\MathGeoLib\include\Geometry\Ray.cpp">
      <Filter>Sources\3rd Party\MathGeoLib\Geometry</Filter>
    </ClCompile>
    <ClCompile Include="Source\MathGeoLib\include\Geometry\Sphere.cpp">
      <Filter>Sources\3rd Party\MathGeoLib\Geometry</Filter>
    </ClCompile>
    <ClCompile Include="Source\MathGeoLib\include\Geometry\Triangle.cpp">
      <Filter>Sources\3rd Party\MathGeoLib\Geometry</Filter>
    </ClCompile>
    <ClCompile Include="Source\MathGeoLib\include\Geometry\TriangleMesh.cpp">
      <Filter>Sources\3rd Party\MathGeoLib\Geometry</Filter>
    </ClCompile>
    <ClCompile Include="Source\MathGeoLib\include\Algorithm\Random\LCG.cpp">
      <Filter>Sources\3rd Party\MathGeoLib\Algorithm</Filter>
    </ClCompile>
    <ClCompile Include="Source\Imgui\ImGuizmo\ImGuizmo.cpp">
      <Filter>Sources\3rd Party\Imgui\ImGuizmo</Filter>
    </ClCompile>
    <ClCompile Include="Primitive.cpp">
      <Filter>Sources\Helpers</Filter>
    </ClCompile>
    <ClCompile Include="ModuleHardware.cpp">
      <Filter>Sources\Modules</Filter>
    </ClCompile>
  </ItemGroup>
  <ItemGroup>
    <None Include="Source\MathGeoLib\include\Math\Matrix.inl">
      <Filter>Sources\3rd Party\MathGeoLib\Math</Filter>
    </None>
    <None Include="Source\MathGeoLib\include\Geometry\KDTree.inl">
      <Filter>Sources\3rd Party\MathGeoLib\Geometry</Filter>
    </None>
    <None Include="Source\MathGeoLib\include\Geometry\QuadTree.inl">
      <Filter>Sources\3rd Party\MathGeoLib\Geometry</Filter>
    </None>
    <None Include="Source\MathGeoLib\include\Geometry\TriangleMesh_IntersectRay_AVX.inl">
      <Filter>Sources\3rd Party\MathGeoLib\Geometry</Filter>
    </None>
    <None Include="Source\MathGeoLib\include\Geometry\TriangleMesh_IntersectRay_CPP.inl">
      <Filter>Sources\3rd Party\MathGeoLib\Geometry</Filter>
    </None>
    <None Include="Source\MathGeoLib\include\Geometry\TriangleMesh_IntersectRay_SSE.inl">
      <Filter>Sources\3rd Party\MathGeoLib\Geometry</Filter>
    </None>
  </ItemGroup>
</Project>