<?xml version="1.0" encoding="utf-8"?>
<Project ToolsVersion="4.0" xmlns="http://schemas.microsoft.com/developer/msbuild/2003">
  <ItemGroup>
    <Filter Include="Sources">
      <UniqueIdentifier>{8d15e252-e369-45fa-8541-a1a165e37546}</UniqueIdentifier>
    </Filter>
    <Filter Include="Sources\BrokenEngine">
      <UniqueIdentifier>{9c01cf10-6208-4a5d-bbd1-0267ebb5c781}</UniqueIdentifier>
    </Filter>
    <Filter Include="Sources\BrokenEngine\Modules">
      <UniqueIdentifier>{33c94d86-641a-45f9-92af-2dbefaa69cb7}</UniqueIdentifier>
    </Filter>
    <Filter Include="Sources\BrokenEngine\3rd Party">
      <UniqueIdentifier>{9204fc88-92ec-46d3-a5a2-1e5e4c46c5a7}</UniqueIdentifier>
    </Filter>
    <Filter Include="Sources\BrokenEngine\3rd Party\Imgui">
      <UniqueIdentifier>{91019c33-dc35-4fd8-9923-ce5f77ebd109}</UniqueIdentifier>
    </Filter>
    <Filter Include="Sources\BrokenEngine\3rd Party\Imgui\ImGuizmo">
      <UniqueIdentifier>{a872ca9e-9122-4298-9879-1edbc94eb0d6}</UniqueIdentifier>
    </Filter>
    <Filter Include="Sources\BrokenEngine\3rd Party\MathGeoLib">
      <UniqueIdentifier>{0202d1d9-d50c-4c76-90df-e311557a6cde}</UniqueIdentifier>
    </Filter>
    <Filter Include="Sources\BrokenEngine\3rd Party\MathGeoLib\Algorithm">
      <UniqueIdentifier>{0ec6b719-8d5b-46c5-b6ca-df170bc6d366}</UniqueIdentifier>
    </Filter>
    <Filter Include="Sources\BrokenEngine\3rd Party\MathGeoLib\Algorithm\Random">
      <UniqueIdentifier>{fda0a2ad-2479-4a99-91c1-150f7b41fe1f}</UniqueIdentifier>
    </Filter>
    <Filter Include="Sources\BrokenEngine\3rd Party\MathGeoLib\Geometry">
      <UniqueIdentifier>{1bd6eea7-b6e8-4e81-8415-52093695b55c}</UniqueIdentifier>
    </Filter>
    <Filter Include="Sources\BrokenEngine\3rd Party\MathGeoLib\Math">
      <UniqueIdentifier>{9d22e61e-524b-485d-b629-19403a5ced16}</UniqueIdentifier>
    </Filter>
    <Filter Include="Sources\BrokenEngine\3rd Party\MathGeoLib\Time">
      <UniqueIdentifier>{14396a7f-f5f2-46bc-bea5-851112a98965}</UniqueIdentifier>
    </Filter>
    <Filter Include="Sources\BrokenEngine\3rd Party\json">
      <UniqueIdentifier>{29648ab7-893e-4b96-b8a8-d119e79f2552}</UniqueIdentifier>
    </Filter>
    <Filter Include="Sources\BrokenEngine\3rd Party\mmgr">
      <UniqueIdentifier>{9a41bf32-4bb7-4570-9624-5c6c8be9efe6}</UniqueIdentifier>
    </Filter>
    <Filter Include="Sources\BrokenEngine\3rd Party\par shapes">
      <UniqueIdentifier>{c32e7c64-1872-4e52-9080-e3a1b70fb54f}</UniqueIdentifier>
    </Filter>
    <Filter Include="Sources\BrokenEngine\3rd Party\glad">
      <UniqueIdentifier>{14fc4199-c65b-4f03-8a11-67e7ba5fd432}</UniqueIdentifier>
    </Filter>
  </ItemGroup>
  <ItemGroup>
    <ClInclude Include="BrokenCore.h">
      <Filter>Sources\BrokenEngine</Filter>
    </ClInclude>
    <ClInclude Include="Errors.h">
      <Filter>Sources\BrokenEngine</Filter>
    </ClInclude>
    <ClInclude Include="BrokenEngine.h">
      <Filter>Sources</Filter>
    </ClInclude>
    <ClInclude Include="Module.h">
      <Filter>Sources\BrokenEngine\Modules</Filter>
    </ClInclude>
    <ClInclude Include="EntryPoint.h">
      <Filter>Sources\BrokenEngine</Filter>
    </ClInclude>
    <ClInclude Include="MathGeoLib\include\SystemInfo.h">
      <Filter>Sources\BrokenEngine\3rd Party</Filter>
    </ClInclude>
    <ClInclude Include="Imgui\imconfig.h">
      <Filter>Sources\BrokenEngine\3rd Party\Imgui</Filter>
    </ClInclude>
    <ClInclude Include="Imgui\imgui.h">
      <Filter>Sources\BrokenEngine\3rd Party\Imgui</Filter>
    </ClInclude>
    <ClInclude Include="Imgui\imgui_impl_opengl3.h">
      <Filter>Sources\BrokenEngine\3rd Party\Imgui</Filter>
    </ClInclude>
    <ClInclude Include="Imgui\imgui_impl_sdl.h">
      <Filter>Sources\BrokenEngine\3rd Party\Imgui</Filter>
    </ClInclude>
    <ClInclude Include="Imgui\imgui_internal.h">
      <Filter>Sources\BrokenEngine\3rd Party\Imgui</Filter>
    </ClInclude>
    <ClInclude Include="Imgui\imstb_rectpack.h">
      <Filter>Sources\BrokenEngine\3rd Party\Imgui</Filter>
    </ClInclude>
    <ClInclude Include="Imgui\imstb_textedit.h">
      <Filter>Sources\BrokenEngine\3rd Party\Imgui</Filter>
    </ClInclude>
    <ClInclude Include="Imgui\imstb_truetype.h">
      <Filter>Sources\BrokenEngine\3rd Party\Imgui</Filter>
    </ClInclude>
    <ClInclude Include="Imgui\ImGuizmo\ImGuizmo.h">
      <Filter>Sources\BrokenEngine\3rd Party\Imgui\ImGuizmo</Filter>
    </ClInclude>
    <ClInclude Include="MathGeoLib\include\MathBuildConfig.h">
      <Filter>Sources\BrokenEngine\3rd Party\MathGeoLib</Filter>
    </ClInclude>
    <ClInclude Include="MathGeoLib\include\MathGeoLib.h">
      <Filter>Sources\BrokenEngine\3rd Party\MathGeoLib</Filter>
    </ClInclude>
    <ClInclude Include="MathGeoLib\include\MathGeoLibFwd.h">
      <Filter>Sources\BrokenEngine\3rd Party\MathGeoLib</Filter>
    </ClInclude>
    <ClInclude Include="MathGeoLib\include\Algorithm\GJK.h">
      <Filter>Sources\BrokenEngine\3rd Party\MathGeoLib\Algorithm</Filter>
    </ClInclude>
    <ClInclude Include="MathGeoLib\include\Algorithm\GJK2D.h">
      <Filter>Sources\BrokenEngine\3rd Party\MathGeoLib\Algorithm</Filter>
    </ClInclude>
    <ClInclude Include="MathGeoLib\include\Algorithm\SAT.h">
      <Filter>Sources\BrokenEngine\3rd Party\MathGeoLib\Algorithm</Filter>
    </ClInclude>
    <ClInclude Include="MathGeoLib\include\Algorithm\Random\LCG.h">
      <Filter>Sources\BrokenEngine\3rd Party\MathGeoLib\Algorithm\Random</Filter>
    </ClInclude>
    <ClInclude Include="MathGeoLib\include\Geometry\AABB.h">
      <Filter>Sources\BrokenEngine\3rd Party\MathGeoLib\Geometry</Filter>
    </ClInclude>
    <ClInclude Include="MathGeoLib\include\Geometry\AABB2D.h">
      <Filter>Sources\BrokenEngine\3rd Party\MathGeoLib\Geometry</Filter>
    </ClInclude>
    <ClInclude Include="MathGeoLib\include\Geometry\Capsule.h">
      <Filter>Sources\BrokenEngine\3rd Party\MathGeoLib\Geometry</Filter>
    </ClInclude>
    <ClInclude Include="MathGeoLib\include\Geometry\Circle.h">
      <Filter>Sources\BrokenEngine\3rd Party\MathGeoLib\Geometry</Filter>
    </ClInclude>
    <ClInclude Include="MathGeoLib\include\Geometry\Circle2D.h">
      <Filter>Sources\BrokenEngine\3rd Party\MathGeoLib\Geometry</Filter>
    </ClInclude>
    <ClInclude Include="MathGeoLib\include\Geometry\Frustum.h">
      <Filter>Sources\BrokenEngine\3rd Party\MathGeoLib\Geometry</Filter>
    </ClInclude>
    <ClInclude Include="MathGeoLib\include\Geometry\GeometryAll.h">
      <Filter>Sources\BrokenEngine\3rd Party\MathGeoLib\Geometry</Filter>
    </ClInclude>
    <ClInclude Include="MathGeoLib\include\Geometry\GeomType.h">
      <Filter>Sources\BrokenEngine\3rd Party\MathGeoLib\Geometry</Filter>
    </ClInclude>
    <ClInclude Include="MathGeoLib\include\Geometry\HitInfo.h">
      <Filter>Sources\BrokenEngine\3rd Party\MathGeoLib\Geometry</Filter>
    </ClInclude>
    <ClInclude Include="MathGeoLib\include\Geometry\KDTree.h">
      <Filter>Sources\BrokenEngine\3rd Party\MathGeoLib\Geometry</Filter>
    </ClInclude>
    <ClInclude Include="MathGeoLib\include\Geometry\Line.h">
      <Filter>Sources\BrokenEngine\3rd Party\MathGeoLib\Geometry</Filter>
    </ClInclude>
    <ClInclude Include="MathGeoLib\include\Geometry\LineSegment.h">
      <Filter>Sources\BrokenEngine\3rd Party\MathGeoLib\Geometry</Filter>
    </ClInclude>
    <ClInclude Include="MathGeoLib\include\Geometry\LineSegment2D.h">
      <Filter>Sources\BrokenEngine\3rd Party\MathGeoLib\Geometry</Filter>
    </ClInclude>
    <ClInclude Include="MathGeoLib\include\Geometry\OBB.h">
      <Filter>Sources\BrokenEngine\3rd Party\MathGeoLib\Geometry</Filter>
    </ClInclude>
    <ClInclude Include="MathGeoLib\include\Geometry\OBB2D.h">
      <Filter>Sources\BrokenEngine\3rd Party\MathGeoLib\Geometry</Filter>
    </ClInclude>
    <ClInclude Include="MathGeoLib\include\Geometry\PBVolume.h">
      <Filter>Sources\BrokenEngine\3rd Party\MathGeoLib\Geometry</Filter>
    </ClInclude>
    <ClInclude Include="MathGeoLib\include\Geometry\Plane.h">
      <Filter>Sources\BrokenEngine\3rd Party\MathGeoLib\Geometry</Filter>
    </ClInclude>
    <ClInclude Include="MathGeoLib\include\Geometry\Polygon.h">
      <Filter>Sources\BrokenEngine\3rd Party\MathGeoLib\Geometry</Filter>
    </ClInclude>
    <ClInclude Include="MathGeoLib\include\Geometry\Polygon2DRef.h">
      <Filter>Sources\BrokenEngine\3rd Party\MathGeoLib\Geometry</Filter>
    </ClInclude>
    <ClInclude Include="MathGeoLib\include\Geometry\Polyhedron.h">
      <Filter>Sources\BrokenEngine\3rd Party\MathGeoLib\Geometry</Filter>
    </ClInclude>
    <ClInclude Include="MathGeoLib\include\Geometry\QuadTree.h">
      <Filter>Sources\BrokenEngine\3rd Party\MathGeoLib\Geometry</Filter>
    </ClInclude>
    <ClInclude Include="MathGeoLib\include\Geometry\Ray.h">
      <Filter>Sources\BrokenEngine\3rd Party\MathGeoLib\Geometry</Filter>
    </ClInclude>
    <ClInclude Include="MathGeoLib\include\Geometry\Sphere.h">
      <Filter>Sources\BrokenEngine\3rd Party\MathGeoLib\Geometry</Filter>
    </ClInclude>
    <ClInclude Include="MathGeoLib\include\Geometry\Triangle.h">
      <Filter>Sources\BrokenEngine\3rd Party\MathGeoLib\Geometry</Filter>
    </ClInclude>
    <ClInclude Include="MathGeoLib\include\Geometry\Triangle2D.h">
      <Filter>Sources\BrokenEngine\3rd Party\MathGeoLib\Geometry</Filter>
    </ClInclude>
    <ClInclude Include="MathGeoLib\include\Geometry\TriangleMesh.h">
      <Filter>Sources\BrokenEngine\3rd Party\MathGeoLib\Geometry</Filter>
    </ClInclude>
    <ClInclude Include="MathGeoLib\include\Math\assume.h">
      <Filter>Sources\BrokenEngine\3rd Party\MathGeoLib\Math</Filter>
    </ClInclude>
    <ClInclude Include="MathGeoLib\include\Math\BitOps.h">
      <Filter>Sources\BrokenEngine\3rd Party\MathGeoLib\Math</Filter>
    </ClInclude>
    <ClInclude Include="MathGeoLib\include\Math\Callstack.h">
      <Filter>Sources\BrokenEngine\3rd Party\MathGeoLib\Math</Filter>
    </ClInclude>
    <ClInclude Include="MathGeoLib\include\Math\FixedPoint.h">
      <Filter>Sources\BrokenEngine\3rd Party\MathGeoLib\Math</Filter>
    </ClInclude>
    <ClInclude Include="MathGeoLib\include\Math\float2.h">
      <Filter>Sources\BrokenEngine\3rd Party\MathGeoLib\Math</Filter>
    </ClInclude>
    <ClInclude Include="MathGeoLib\include\Math\float3.h">
      <Filter>Sources\BrokenEngine\3rd Party\MathGeoLib\Math</Filter>
    </ClInclude>
    <ClInclude Include="MathGeoLib\include\Math\float3x3.h">
      <Filter>Sources\BrokenEngine\3rd Party\MathGeoLib\Math</Filter>
    </ClInclude>
    <ClInclude Include="MathGeoLib\include\Math\float3x4.h">
      <Filter>Sources\BrokenEngine\3rd Party\MathGeoLib\Math</Filter>
    </ClInclude>
    <ClInclude Include="MathGeoLib\include\Math\float4.h">
      <Filter>Sources\BrokenEngine\3rd Party\MathGeoLib\Math</Filter>
    </ClInclude>
    <ClInclude Include="MathGeoLib\include\Math\float4d.h">
      <Filter>Sources\BrokenEngine\3rd Party\MathGeoLib\Math</Filter>
    </ClInclude>
    <ClInclude Include="MathGeoLib\include\Math\float4x4.h">
      <Filter>Sources\BrokenEngine\3rd Party\MathGeoLib\Math</Filter>
    </ClInclude>
    <ClInclude Include="MathGeoLib\include\Math\float4x4_neon.h">
      <Filter>Sources\BrokenEngine\3rd Party\MathGeoLib\Math</Filter>
    </ClInclude>
    <ClInclude Include="MathGeoLib\include\Math\float4x4_sse.h">
      <Filter>Sources\BrokenEngine\3rd Party\MathGeoLib\Math</Filter>
    </ClInclude>
    <ClInclude Include="MathGeoLib\include\Math\float4_neon.h">
      <Filter>Sources\BrokenEngine\3rd Party\MathGeoLib\Math</Filter>
    </ClInclude>
    <ClInclude Include="MathGeoLib\include\Math\float4_sse.h">
      <Filter>Sources\BrokenEngine\3rd Party\MathGeoLib\Math</Filter>
    </ClInclude>
    <ClInclude Include="MathGeoLib\include\Math\FloatCmp.h">
      <Filter>Sources\BrokenEngine\3rd Party\MathGeoLib\Math</Filter>
    </ClInclude>
    <ClInclude Include="MathGeoLib\include\Math\grisu3.h">
      <Filter>Sources\BrokenEngine\3rd Party\MathGeoLib\Math</Filter>
    </ClInclude>
    <ClInclude Include="MathGeoLib\include\Math\InclWindows.h">
      <Filter>Sources\BrokenEngine\3rd Party\MathGeoLib\Math</Filter>
    </ClInclude>
    <ClInclude Include="MathGeoLib\include\Math\MathAll.h">
      <Filter>Sources\BrokenEngine\3rd Party\MathGeoLib\Math</Filter>
    </ClInclude>
    <ClInclude Include="MathGeoLib\include\Math\MathConstants.h">
      <Filter>Sources\BrokenEngine\3rd Party\MathGeoLib\Math</Filter>
    </ClInclude>
    <ClInclude Include="MathGeoLib\include\Math\MathFunc.h">
      <Filter>Sources\BrokenEngine\3rd Party\MathGeoLib\Math</Filter>
    </ClInclude>
    <ClInclude Include="MathGeoLib\include\Math\MathLog.h">
      <Filter>Sources\BrokenEngine\3rd Party\MathGeoLib\Math</Filter>
    </ClInclude>
    <ClInclude Include="MathGeoLib\include\Math\MathNamespace.h">
      <Filter>Sources\BrokenEngine\3rd Party\MathGeoLib\Math</Filter>
    </ClInclude>
    <ClInclude Include="MathGeoLib\include\Math\MathTypes.h">
      <Filter>Sources\BrokenEngine\3rd Party\MathGeoLib\Math</Filter>
    </ClInclude>
    <ClInclude Include="MathGeoLib\include\Math\MatrixProxy.h">
      <Filter>Sources\BrokenEngine\3rd Party\MathGeoLib\Math</Filter>
    </ClInclude>
    <ClInclude Include="MathGeoLib\include\Math\MiniFloat.h">
      <Filter>Sources\BrokenEngine\3rd Party\MathGeoLib\Math</Filter>
    </ClInclude>
    <ClInclude Include="MathGeoLib\include\Math\MultiLineMacro.h">
      <Filter>Sources\BrokenEngine\3rd Party\MathGeoLib\Math</Filter>
    </ClInclude>
    <ClInclude Include="MathGeoLib\include\Math\myassert.h">
      <Filter>Sources\BrokenEngine\3rd Party\MathGeoLib\Math</Filter>
    </ClInclude>
    <ClInclude Include="MathGeoLib\include\Math\Polynomial.h">
      <Filter>Sources\BrokenEngine\3rd Party\MathGeoLib\Math</Filter>
    </ClInclude>
    <ClInclude Include="MathGeoLib\include\Math\Quat.h">
      <Filter>Sources\BrokenEngine\3rd Party\MathGeoLib\Math</Filter>
    </ClInclude>
    <ClInclude Include="MathGeoLib\include\Math\quat_simd.h">
      <Filter>Sources\BrokenEngine\3rd Party\MathGeoLib\Math</Filter>
    </ClInclude>
    <ClInclude Include="MathGeoLib\include\Math\Rect.h">
      <Filter>Sources\BrokenEngine\3rd Party\MathGeoLib\Math</Filter>
    </ClInclude>
    <ClInclude Include="MathGeoLib\include\Math\Reinterpret.h">
      <Filter>Sources\BrokenEngine\3rd Party\MathGeoLib\Math</Filter>
    </ClInclude>
    <ClInclude Include="MathGeoLib\include\Math\simd.h">
      <Filter>Sources\BrokenEngine\3rd Party\MathGeoLib\Math</Filter>
    </ClInclude>
    <ClInclude Include="MathGeoLib\include\Math\SSEMath.h">
      <Filter>Sources\BrokenEngine\3rd Party\MathGeoLib\Math</Filter>
    </ClInclude>
    <ClInclude Include="MathGeoLib\include\Math\sse_mathfun.h">
      <Filter>Sources\BrokenEngine\3rd Party\MathGeoLib\Math</Filter>
    </ClInclude>
    <ClInclude Include="MathGeoLib\include\Math\Swap.h">
      <Filter>Sources\BrokenEngine\3rd Party\MathGeoLib\Math</Filter>
    </ClInclude>
    <ClInclude Include="MathGeoLib\include\Math\TransformOps.h">
      <Filter>Sources\BrokenEngine\3rd Party\MathGeoLib\Math</Filter>
    </ClInclude>
    <ClInclude Include="MathGeoLib\include\Math\vec2d.h">
      <Filter>Sources\BrokenEngine\3rd Party\MathGeoLib\Math</Filter>
    </ClInclude>
    <ClInclude Include="MathGeoLib\include\Time\Clock.h">
      <Filter>Sources\BrokenEngine\3rd Party\MathGeoLib\Time</Filter>
    </ClInclude>
    <ClInclude Include="json\json.hpp">
      <Filter>Sources\BrokenEngine\3rd Party\json</Filter>
    </ClInclude>
    <ClInclude Include="mmgr\mmgr.h">
      <Filter>Sources\BrokenEngine\3rd Party\mmgr</Filter>
    </ClInclude>
    <ClInclude Include="mmgr\nommgr.h">
      <Filter>Sources\BrokenEngine\3rd Party\mmgr</Filter>
    </ClInclude>
    <ClInclude Include="par\par_shapes.h">
      <Filter>Sources\BrokenEngine\3rd Party\par shapes</Filter>
    </ClInclude>
    <ClInclude Include="glad\include\glad\glad.h">
      <Filter>Sources\BrokenEngine\3rd Party\glad</Filter>
    </ClInclude>
    <ClInclude Include="glad\include\KHR\khrplatform.h">
      <Filter>Sources\BrokenEngine\3rd Party\glad</Filter>
    </ClInclude>
    <ClInclude Include="Application.h">
      <Filter>Sources\BrokenEngine</Filter>
    </ClInclude>
    <ClInclude Include="ModuleTimeManager.h">
      <Filter>Sources\BrokenEngine\Modules</Filter>
    </ClInclude>
    <ClInclude Include="ModuleWindow.h">
      <Filter>Sources\BrokenEngine\Modules</Filter>
    </ClInclude>
  </ItemGroup>
  <ItemGroup>
    <ClCompile Include="BrokenCore.cpp">
      <Filter>Sources\BrokenEngine</Filter>
    </ClCompile>
    <ClCompile Include="MathGeoLib\include\SystemInfo.cpp">
      <Filter>Sources\BrokenEngine\3rd Party</Filter>
    </ClCompile>
    <ClCompile Include="Imgui\imgui.cpp">
      <Filter>Sources\BrokenEngine\3rd Party\Imgui</Filter>
    </ClCompile>
    <ClCompile Include="Imgui\imgui_demo.cpp">
      <Filter>Sources\BrokenEngine\3rd Party\Imgui</Filter>
    </ClCompile>
    <ClCompile Include="Imgui\imgui_draw.cpp">
      <Filter>Sources\BrokenEngine\3rd Party\Imgui</Filter>
    </ClCompile>
    <ClCompile Include="Imgui\imgui_impl_opengl3.cpp">
      <Filter>Sources\BrokenEngine\3rd Party\Imgui</Filter>
    </ClCompile>
    <ClCompile Include="Imgui\imgui_impl_sdl.cpp">
      <Filter>Sources\BrokenEngine\3rd Party\Imgui</Filter>
    </ClCompile>
    <ClCompile Include="Imgui\imgui_widgets.cpp">
      <Filter>Sources\BrokenEngine\3rd Party\Imgui</Filter>
    </ClCompile>
    <ClCompile Include="Imgui\ImGuizmo\ImGuizmo.cpp">
      <Filter>Sources\BrokenEngine\3rd Party\Imgui\ImGuizmo</Filter>
    </ClCompile>
    <ClCompile Include="MathGeoLib\include\Algorithm\GJK.cpp">
      <Filter>Sources\BrokenEngine\3rd Party\MathGeoLib\Algorithm</Filter>
    </ClCompile>
    <ClCompile Include="MathGeoLib\include\Algorithm\GJK2D.cpp">
      <Filter>Sources\BrokenEngine\3rd Party\MathGeoLib\Algorithm</Filter>
    </ClCompile>
    <ClCompile Include="MathGeoLib\include\Algorithm\SAT.cpp">
      <Filter>Sources\BrokenEngine\3rd Party\MathGeoLib\Algorithm</Filter>
    </ClCompile>
    <ClCompile Include="MathGeoLib\include\Algorithm\Random\LCG.cpp">
      <Filter>Sources\BrokenEngine\3rd Party\MathGeoLib\Algorithm\Random</Filter>
    </ClCompile>
    <ClCompile Include="MathGeoLib\include\Geometry\AABB.cpp">
      <Filter>Sources\BrokenEngine\3rd Party\MathGeoLib\Geometry</Filter>
    </ClCompile>
    <ClCompile Include="MathGeoLib\include\Geometry\Capsule.cpp">
      <Filter>Sources\BrokenEngine\3rd Party\MathGeoLib\Geometry</Filter>
    </ClCompile>
    <ClCompile Include="MathGeoLib\include\Geometry\Circle.cpp">
      <Filter>Sources\BrokenEngine\3rd Party\MathGeoLib\Geometry</Filter>
    </ClCompile>
    <ClCompile Include="MathGeoLib\include\Geometry\Circle2D.cpp">
      <Filter>Sources\BrokenEngine\3rd Party\MathGeoLib\Geometry</Filter>
    </ClCompile>
    <ClCompile Include="MathGeoLib\include\Geometry\Frustum.cpp">
      <Filter>Sources\BrokenEngine\3rd Party\MathGeoLib\Geometry</Filter>
    </ClCompile>
    <ClCompile Include="MathGeoLib\include\Geometry\Line.cpp">
      <Filter>Sources\BrokenEngine\3rd Party\MathGeoLib\Geometry</Filter>
    </ClCompile>
    <ClCompile Include="MathGeoLib\include\Geometry\LineSegment.cpp">
      <Filter>Sources\BrokenEngine\3rd Party\MathGeoLib\Geometry</Filter>
    </ClCompile>
    <ClCompile Include="MathGeoLib\include\Geometry\LineSegment2D.cpp">
      <Filter>Sources\BrokenEngine\3rd Party\MathGeoLib\Geometry</Filter>
    </ClCompile>
    <ClCompile Include="MathGeoLib\include\Geometry\OBB.cpp">
      <Filter>Sources\BrokenEngine\3rd Party\MathGeoLib\Geometry</Filter>
    </ClCompile>
    <ClCompile Include="MathGeoLib\include\Geometry\PBVolume.cpp">
      <Filter>Sources\BrokenEngine\3rd Party\MathGeoLib\Geometry</Filter>
    </ClCompile>
    <ClCompile Include="MathGeoLib\include\Geometry\Plane.cpp">
      <Filter>Sources\BrokenEngine\3rd Party\MathGeoLib\Geometry</Filter>
    </ClCompile>
    <ClCompile Include="MathGeoLib\include\Geometry\Polygon.cpp">
      <Filter>Sources\BrokenEngine\3rd Party\MathGeoLib\Geometry</Filter>
    </ClCompile>
    <ClCompile Include="MathGeoLib\include\Geometry\Polyhedron.cpp">
      <Filter>Sources\BrokenEngine\3rd Party\MathGeoLib\Geometry</Filter>
    </ClCompile>
    <ClCompile Include="MathGeoLib\include\Geometry\Ray.cpp">
      <Filter>Sources\BrokenEngine\3rd Party\MathGeoLib\Geometry</Filter>
    </ClCompile>
    <ClCompile Include="MathGeoLib\include\Geometry\Sphere.cpp">
      <Filter>Sources\BrokenEngine\3rd Party\MathGeoLib\Geometry</Filter>
    </ClCompile>
    <ClCompile Include="MathGeoLib\include\Geometry\Triangle.cpp">
      <Filter>Sources\BrokenEngine\3rd Party\MathGeoLib\Geometry</Filter>
    </ClCompile>
    <ClCompile Include="MathGeoLib\include\Geometry\Triangle2D.cpp">
      <Filter>Sources\BrokenEngine\3rd Party\MathGeoLib\Geometry</Filter>
    </ClCompile>
    <ClCompile Include="MathGeoLib\include\Geometry\TriangleMesh.cpp">
      <Filter>Sources\BrokenEngine\3rd Party\MathGeoLib\Geometry</Filter>
    </ClCompile>
    <ClCompile Include="MathGeoLib\include\Math\BitOps.cpp">
      <Filter>Sources\BrokenEngine\3rd Party\MathGeoLib\Math</Filter>
    </ClCompile>
    <ClCompile Include="MathGeoLib\include\Math\Callstack.cpp">
      <Filter>Sources\BrokenEngine\3rd Party\MathGeoLib\Math</Filter>
    </ClCompile>
    <ClCompile Include="MathGeoLib\include\Math\float2.cpp">
      <Filter>Sources\BrokenEngine\3rd Party\MathGeoLib\Math</Filter>
    </ClCompile>
    <ClCompile Include="MathGeoLib\include\Math\float3.cpp">
      <Filter>Sources\BrokenEngine\3rd Party\MathGeoLib\Math</Filter>
    </ClCompile>
    <ClCompile Include="MathGeoLib\include\Math\float3x3.cpp">
      <Filter>Sources\BrokenEngine\3rd Party\MathGeoLib\Math</Filter>
    </ClCompile>
    <ClCompile Include="MathGeoLib\include\Math\float3x4.cpp">
      <Filter>Sources\BrokenEngine\3rd Party\MathGeoLib\Math</Filter>
    </ClCompile>
    <ClCompile Include="MathGeoLib\include\Math\float4.cpp">
      <Filter>Sources\BrokenEngine\3rd Party\MathGeoLib\Math</Filter>
    </ClCompile>
    <ClCompile Include="MathGeoLib\include\Math\float4d.cpp">
      <Filter>Sources\BrokenEngine\3rd Party\MathGeoLib\Math</Filter>
    </ClCompile>
    <ClCompile Include="MathGeoLib\include\Math\float4x4.cpp">
      <Filter>Sources\BrokenEngine\3rd Party\MathGeoLib\Math</Filter>
    </ClCompile>
    <ClCompile Include="MathGeoLib\include\Math\grisu3.c">
      <Filter>Sources\BrokenEngine\3rd Party\MathGeoLib\Math</Filter>
    </ClCompile>
    <ClCompile Include="MathGeoLib\include\Math\grisu3_cpp.cpp">
      <Filter>Sources\BrokenEngine\3rd Party\MathGeoLib\Math</Filter>
    </ClCompile>
    <ClCompile Include="MathGeoLib\include\Math\MathFunc.cpp">
      <Filter>Sources\BrokenEngine\3rd Party\MathGeoLib\Math</Filter>
    </ClCompile>
    <ClCompile Include="MathGeoLib\include\Math\MathLog.cpp">
      <Filter>Sources\BrokenEngine\3rd Party\MathGeoLib\Math</Filter>
    </ClCompile>
    <ClCompile Include="MathGeoLib\include\Math\MathOps.cpp">
      <Filter>Sources\BrokenEngine\3rd Party\MathGeoLib\Math</Filter>
    </ClCompile>
    <ClCompile Include="MathGeoLib\include\Math\MiniFloat.cpp">
      <Filter>Sources\BrokenEngine\3rd Party\MathGeoLib\Math</Filter>
    </ClCompile>
    <ClCompile Include="MathGeoLib\include\Math\Polynomial.cpp">
      <Filter>Sources\BrokenEngine\3rd Party\MathGeoLib\Math</Filter>
    </ClCompile>
    <ClCompile Include="MathGeoLib\include\Math\Quat.cpp">
      <Filter>Sources\BrokenEngine\3rd Party\MathGeoLib\Math</Filter>
    </ClCompile>
    <ClCompile Include="MathGeoLib\include\Math\SSEMath.cpp">
      <Filter>Sources\BrokenEngine\3rd Party\MathGeoLib\Math</Filter>
    </ClCompile>
    <ClCompile Include="MathGeoLib\include\Math\TransformOps.cpp">
      <Filter>Sources\BrokenEngine\3rd Party\MathGeoLib\Math</Filter>
    </ClCompile>
    <ClCompile Include="MathGeoLib\include\Time\Clock.cpp">
      <Filter>Sources\BrokenEngine\3rd Party\MathGeoLib\Time</Filter>
    </ClCompile>
    <ClCompile Include="mmgr\mmgr.cpp">
      <Filter>Sources\BrokenEngine\3rd Party\mmgr</Filter>
    </ClCompile>
    <ClCompile Include="glad\src\glad.c">
      <Filter>Sources\BrokenEngine\3rd Party\glad</Filter>
    </ClCompile>
    <ClCompile Include="Application.cpp">
      <Filter>Sources\BrokenEngine</Filter>
    </ClCompile>
    <ClCompile Include="ModuleTimeManager.cpp">
      <Filter>Sources\BrokenEngine\Modules</Filter>
    </ClCompile>
    <ClCompile Include="ModuleWindow.cpp">
      <Filter>Sources\BrokenEngine\Modules</Filter>
    </ClCompile>
  </ItemGroup>
  <ItemGroup>
    <None Include="MathGeoLib\include\Geometry\KDTree.inl">
      <Filter>Sources\BrokenEngine\3rd Party\MathGeoLib\Geometry</Filter>
    </None>
    <None Include="MathGeoLib\include\Geometry\QuadTree.inl">
      <Filter>Sources\BrokenEngine\3rd Party\MathGeoLib\Geometry</Filter>
    </None>
    <None Include="MathGeoLib\include\Geometry\TriangleMesh_IntersectRay_AVX.inl">
      <Filter>Sources\BrokenEngine\3rd Party\MathGeoLib\Geometry</Filter>
    </None>
    <None Include="MathGeoLib\include\Geometry\TriangleMesh_IntersectRay_CPP.inl">
      <Filter>Sources\BrokenEngine\3rd Party\MathGeoLib\Geometry</Filter>
    </None>
    <None Include="MathGeoLib\include\Geometry\TriangleMesh_IntersectRay_SSE.inl">
      <Filter>Sources\BrokenEngine\3rd Party\MathGeoLib\Geometry</Filter>
    </None>
    <None Include="MathGeoLib\include\Math\float2.inl">
      <Filter>Sources\BrokenEngine\3rd Party\MathGeoLib\Math</Filter>
    </None>
    <None Include="MathGeoLib\include\Math\Matrix.inl">
      <Filter>Sources\BrokenEngine\3rd Party\MathGeoLib\Math</Filter>
    </None>
  </ItemGroup>
</Project>