<?xml version="1.0" encoding="utf-8"?>
<Project ToolsVersion="4.0" xmlns="http://schemas.microsoft.com/developer/msbuild/2003">
  <ItemGroup>
    <Filter Include="Sources">
      <UniqueIdentifier>{8b7ed093-66ce-4096-96d2-fbb9faa4bf52}</UniqueIdentifier>
    </Filter>
    <Filter Include="Sources\Modules">
      <UniqueIdentifier>{7b418be2-1631-4a31-9ef2-8a8b234a7339}</UniqueIdentifier>
    </Filter>
    <Filter Include="Sources\VSResources">
      <UniqueIdentifier>{6057c556-5da2-4161-a91e-ab85919a9010}</UniqueIdentifier>
    </Filter>
    <Filter Include="Sources\EditorPanels">
      <UniqueIdentifier>{0b2650b1-2fb2-4dc9-b715-0881fa96f27a}</UniqueIdentifier>
    </Filter>
    <Filter Include="Sources\3rd party">
      <UniqueIdentifier>{63b4c65f-6d9c-495a-b6e1-b28ea9886dea}</UniqueIdentifier>
    </Filter>
    <Filter Include="Sources\3rd party\Imgui">
      <UniqueIdentifier>{71ff72d8-f9ee-433b-98ad-2397b874048c}</UniqueIdentifier>
    </Filter>
    <Filter Include="Sources\Helpers">
      <UniqueIdentifier>{8ea028ee-87c9-4ccc-98df-0332177e920e}</UniqueIdentifier>
    </Filter>
    <Filter Include="Sources\3rd party\mmgr">
      <UniqueIdentifier>{083cac49-5b36-4b32-9d19-9ecde5298a3d}</UniqueIdentifier>
    </Filter>
    <Filter Include="Sources\3rd party\glad">
      <UniqueIdentifier>{925f37fa-3b71-40c7-8b2b-bb25bac38a04}</UniqueIdentifier>
    </Filter>
    <Filter Include="Sources\3rd party\json">
      <UniqueIdentifier>{065d615b-a649-4a1f-8717-e57355572a3a}</UniqueIdentifier>
    </Filter>
    <Filter Include="Sources\3rd party\MathGeoLib">
      <UniqueIdentifier>{57aecd45-e334-4638-81c1-eb8599341908}</UniqueIdentifier>
    </Filter>
    <Filter Include="Sources\3rd party\MathGeoLib\Algorithm">
      <UniqueIdentifier>{ed5750b5-0600-4e9a-bf8a-bc09902fa9e1}</UniqueIdentifier>
    </Filter>
    <Filter Include="Sources\3rd party\MathGeoLib\Algorithm\Random">
      <UniqueIdentifier>{841732cb-20d4-4a76-98cc-63e0662d8eef}</UniqueIdentifier>
    </Filter>
    <Filter Include="Sources\3rd party\MathGeoLib\Geometry">
      <UniqueIdentifier>{eb5a2b04-ea2b-4c90-b96c-2c4413217a48}</UniqueIdentifier>
    </Filter>
    <Filter Include="Sources\3rd party\MathGeoLib\Math">
      <UniqueIdentifier>{f53fd842-fcb9-4a2a-b091-772aa796e12a}</UniqueIdentifier>
    </Filter>
    <Filter Include="Sources\3rd party\MathGeoLib\Time">
      <UniqueIdentifier>{444c1e4b-b6bb-4280-9fa0-6a31bc8ccbcd}</UniqueIdentifier>
    </Filter>
    <Filter Include="Sources\3rd party\Imgui\ImGuizmo">
      <UniqueIdentifier>{319e935e-aded-4788-b84c-e6b5eef8f7b1}</UniqueIdentifier>
    </Filter>
    <Filter Include="Sources\3rd party\RecastNavigation">
      <UniqueIdentifier>{aa16bee1-28e8-4f0b-8ad5-88da32022ca3}</UniqueIdentifier>
    </Filter>
    <Filter Include="Sources\3rd party\RecastNavigation\recast">
      <UniqueIdentifier>{4511f2e0-7e42-40b5-825c-752f0eb7207b}</UniqueIdentifier>
    </Filter>
    <Filter Include="Sources\3rd party\RecastNavigation\detour">
      <UniqueIdentifier>{abbcbaca-0a41-40ee-a7e8-d829685c3de9}</UniqueIdentifier>
    </Filter>
  </ItemGroup>
  <ItemGroup>
    <ClInclude Include="VSresource.h">
      <Filter>Sources\VSResources</Filter>
    </ClInclude>
    <ClInclude Include="EngineApplication.h">
      <Filter>Sources</Filter>
    </ClInclude>
    <ClInclude Include="PanelToolbar.h">
      <Filter>Sources\EditorPanels</Filter>
    </ClInclude>
    <ClInclude Include="PanelAbout.h">
      <Filter>Sources\EditorPanels</Filter>
    </ClInclude>
    <ClInclude Include="PanelConsole.h">
      <Filter>Sources\EditorPanels</Filter>
    </ClInclude>
    <ClInclude Include="PanelHierarchy.h">
      <Filter>Sources\EditorPanels</Filter>
    </ClInclude>
    <ClInclude Include="PanelInspector.h">
      <Filter>Sources\EditorPanels</Filter>
    </ClInclude>
    <ClInclude Include="PanelProject.h">
      <Filter>Sources\EditorPanels</Filter>
    </ClInclude>
    <ClInclude Include="PanelResources.h">
      <Filter>Sources\EditorPanels</Filter>
    </ClInclude>
    <ClInclude Include="PanelScene.h">
      <Filter>Sources\EditorPanels</Filter>
    </ClInclude>
    <ClInclude Include="PanelSettings.h">
      <Filter>Sources\EditorPanels</Filter>
    </ClInclude>
    <ClInclude Include="PanelShaderEditor.h">
      <Filter>Sources\EditorPanels</Filter>
    </ClInclude>
    <ClInclude Include="Panels.h">
      <Filter>Sources\Helpers</Filter>
    </ClInclude>
    <ClInclude Include="mmgr\mmgr.h">
      <Filter>Sources\3rd party\mmgr</Filter>
    </ClInclude>
    <ClInclude Include="mmgr\nommgr.h">
      <Filter>Sources\3rd party\mmgr</Filter>
    </ClInclude>
    <ClInclude Include="ModuleEditorUI.h">
      <Filter>Sources\Modules</Filter>
    </ClInclude>
    <ClInclude Include="OpenGL.h">
      <Filter>Sources\Helpers</Filter>
    </ClInclude>
    <ClInclude Include="glad\include\glad\glad.h">
      <Filter>Sources\3rd party\glad</Filter>
    </ClInclude>
    <ClInclude Include="glad\include\KHR\khrplatform.h">
      <Filter>Sources\3rd party\glad</Filter>
    </ClInclude>
    <ClInclude Include="json\json.hpp">
      <Filter>Sources\3rd party\json</Filter>
    </ClInclude>
    <ClInclude Include="MathGeoLib\include\MathBuildConfig.h">
      <Filter>Sources\3rd party\MathGeoLib</Filter>
    </ClInclude>
    <ClInclude Include="MathGeoLib\include\MathGeoLib.h">
      <Filter>Sources\3rd party\MathGeoLib</Filter>
    </ClInclude>
    <ClInclude Include="MathGeoLib\include\MathGeoLibFwd.h">
      <Filter>Sources\3rd party\MathGeoLib</Filter>
    </ClInclude>
    <ClInclude Include="MathGeoLib\include\Algorithm\GJK.h">
      <Filter>Sources\3rd party\MathGeoLib\Algorithm</Filter>
    </ClInclude>
    <ClInclude Include="MathGeoLib\include\Algorithm\GJK2D.h">
      <Filter>Sources\3rd party\MathGeoLib\Algorithm</Filter>
    </ClInclude>
    <ClInclude Include="MathGeoLib\include\Algorithm\SAT.h">
      <Filter>Sources\3rd party\MathGeoLib\Algorithm</Filter>
    </ClInclude>
    <ClInclude Include="MathGeoLib\include\Algorithm\Random\LCG.h">
      <Filter>Sources\3rd party\MathGeoLib\Algorithm\Random</Filter>
    </ClInclude>
    <ClInclude Include="MathGeoLib\include\Geometry\AABB.h">
      <Filter>Sources\3rd party\MathGeoLib\Geometry</Filter>
    </ClInclude>
    <ClInclude Include="MathGeoLib\include\Geometry\AABB2D.h">
      <Filter>Sources\3rd party\MathGeoLib\Geometry</Filter>
    </ClInclude>
    <ClInclude Include="MathGeoLib\include\Geometry\Capsule.h">
      <Filter>Sources\3rd party\MathGeoLib\Geometry</Filter>
    </ClInclude>
    <ClInclude Include="MathGeoLib\include\Geometry\Circle.h">
      <Filter>Sources\3rd party\MathGeoLib\Geometry</Filter>
    </ClInclude>
    <ClInclude Include="MathGeoLib\include\Geometry\Circle2D.h">
      <Filter>Sources\3rd party\MathGeoLib\Geometry</Filter>
    </ClInclude>
    <ClInclude Include="MathGeoLib\include\Geometry\Frustum.h">
      <Filter>Sources\3rd party\MathGeoLib\Geometry</Filter>
    </ClInclude>
    <ClInclude Include="MathGeoLib\include\Geometry\GeometryAll.h">
      <Filter>Sources\3rd party\MathGeoLib\Geometry</Filter>
    </ClInclude>
    <ClInclude Include="MathGeoLib\include\Geometry\GeomType.h">
      <Filter>Sources\3rd party\MathGeoLib\Geometry</Filter>
    </ClInclude>
    <ClInclude Include="MathGeoLib\include\Geometry\HitInfo.h">
      <Filter>Sources\3rd party\MathGeoLib\Geometry</Filter>
    </ClInclude>
    <ClInclude Include="MathGeoLib\include\Geometry\KDTree.h">
      <Filter>Sources\3rd party\MathGeoLib\Geometry</Filter>
    </ClInclude>
    <ClInclude Include="MathGeoLib\include\Geometry\Line.h">
      <Filter>Sources\3rd party\MathGeoLib\Geometry</Filter>
    </ClInclude>
    <ClInclude Include="MathGeoLib\include\Geometry\LineSegment.h">
      <Filter>Sources\3rd party\MathGeoLib\Geometry</Filter>
    </ClInclude>
    <ClInclude Include="MathGeoLib\include\Geometry\LineSegment2D.h">
      <Filter>Sources\3rd party\MathGeoLib\Geometry</Filter>
    </ClInclude>
    <ClInclude Include="MathGeoLib\include\Geometry\OBB.h">
      <Filter>Sources\3rd party\MathGeoLib\Geometry</Filter>
    </ClInclude>
    <ClInclude Include="MathGeoLib\include\Geometry\OBB2D.h">
      <Filter>Sources\3rd party\MathGeoLib\Geometry</Filter>
    </ClInclude>
    <ClInclude Include="MathGeoLib\include\Geometry\PBVolume.h">
      <Filter>Sources\3rd party\MathGeoLib\Geometry</Filter>
    </ClInclude>
    <ClInclude Include="MathGeoLib\include\Geometry\Plane.h">
      <Filter>Sources\3rd party\MathGeoLib\Geometry</Filter>
    </ClInclude>
    <ClInclude Include="MathGeoLib\include\Geometry\Polygon.h">
      <Filter>Sources\3rd party\MathGeoLib\Geometry</Filter>
    </ClInclude>
    <ClInclude Include="MathGeoLib\include\Geometry\Polygon2DRef.h">
      <Filter>Sources\3rd party\MathGeoLib\Geometry</Filter>
    </ClInclude>
    <ClInclude Include="MathGeoLib\include\Geometry\Polyhedron.h">
      <Filter>Sources\3rd party\MathGeoLib\Geometry</Filter>
    </ClInclude>
    <ClInclude Include="MathGeoLib\include\Geometry\QuadTree.h">
      <Filter>Sources\3rd party\MathGeoLib\Geometry</Filter>
    </ClInclude>
    <ClInclude Include="MathGeoLib\include\Geometry\Ray.h">
      <Filter>Sources\3rd party\MathGeoLib\Geometry</Filter>
    </ClInclude>
    <ClInclude Include="MathGeoLib\include\Geometry\Sphere.h">
      <Filter>Sources\3rd party\MathGeoLib\Geometry</Filter>
    </ClInclude>
    <ClInclude Include="MathGeoLib\include\Geometry\Triangle.h">
      <Filter>Sources\3rd party\MathGeoLib\Geometry</Filter>
    </ClInclude>
    <ClInclude Include="MathGeoLib\include\Geometry\Triangle2D.h">
      <Filter>Sources\3rd party\MathGeoLib\Geometry</Filter>
    </ClInclude>
    <ClInclude Include="MathGeoLib\include\Geometry\TriangleMesh.h">
      <Filter>Sources\3rd party\MathGeoLib\Geometry</Filter>
    </ClInclude>
    <ClInclude Include="MathGeoLib\include\Math\assume.h">
      <Filter>Sources\3rd party\MathGeoLib\Math</Filter>
    </ClInclude>
    <ClInclude Include="MathGeoLib\include\Math\BitOps.h">
      <Filter>Sources\3rd party\MathGeoLib\Math</Filter>
    </ClInclude>
    <ClInclude Include="MathGeoLib\include\Math\Callstack.h">
      <Filter>Sources\3rd party\MathGeoLib\Math</Filter>
    </ClInclude>
    <ClInclude Include="MathGeoLib\include\Math\FixedPoint.h">
      <Filter>Sources\3rd party\MathGeoLib\Math</Filter>
    </ClInclude>
    <ClInclude Include="MathGeoLib\include\Math\float2.h">
      <Filter>Sources\3rd party\MathGeoLib\Math</Filter>
    </ClInclude>
    <ClInclude Include="MathGeoLib\include\Math\float3.h">
      <Filter>Sources\3rd party\MathGeoLib\Math</Filter>
    </ClInclude>
    <ClInclude Include="MathGeoLib\include\Math\float3x3.h">
      <Filter>Sources\3rd party\MathGeoLib\Math</Filter>
    </ClInclude>
    <ClInclude Include="MathGeoLib\include\Math\float3x4.h">
      <Filter>Sources\3rd party\MathGeoLib\Math</Filter>
    </ClInclude>
    <ClInclude Include="MathGeoLib\include\Math\float4.h">
      <Filter>Sources\3rd party\MathGeoLib\Math</Filter>
    </ClInclude>
    <ClInclude Include="MathGeoLib\include\Math\float4d.h">
      <Filter>Sources\3rd party\MathGeoLib\Math</Filter>
    </ClInclude>
    <ClInclude Include="MathGeoLib\include\Math\float4x4.h">
      <Filter>Sources\3rd party\MathGeoLib\Math</Filter>
    </ClInclude>
    <ClInclude Include="MathGeoLib\include\Math\float4x4_neon.h">
      <Filter>Sources\3rd party\MathGeoLib\Math</Filter>
    </ClInclude>
    <ClInclude Include="MathGeoLib\include\Math\float4x4_sse.h">
      <Filter>Sources\3rd party\MathGeoLib\Math</Filter>
    </ClInclude>
    <ClInclude Include="MathGeoLib\include\Math\float4_neon.h">
      <Filter>Sources\3rd party\MathGeoLib\Math</Filter>
    </ClInclude>
    <ClInclude Include="MathGeoLib\include\Math\float4_sse.h">
      <Filter>Sources\3rd party\MathGeoLib\Math</Filter>
    </ClInclude>
    <ClInclude Include="MathGeoLib\include\Math\FloatCmp.h">
      <Filter>Sources\3rd party\MathGeoLib\Math</Filter>
    </ClInclude>
    <ClInclude Include="MathGeoLib\include\Math\grisu3.h">
      <Filter>Sources\3rd party\MathGeoLib\Math</Filter>
    </ClInclude>
    <ClInclude Include="MathGeoLib\include\Math\InclWindows.h">
      <Filter>Sources\3rd party\MathGeoLib\Math</Filter>
    </ClInclude>
    <ClInclude Include="MathGeoLib\include\Math\MathAll.h">
      <Filter>Sources\3rd party\MathGeoLib\Math</Filter>
    </ClInclude>
    <ClInclude Include="MathGeoLib\include\Math\MathConstants.h">
      <Filter>Sources\3rd party\MathGeoLib\Math</Filter>
    </ClInclude>
    <ClInclude Include="MathGeoLib\include\Math\MathFunc.h">
      <Filter>Sources\3rd party\MathGeoLib\Math</Filter>
    </ClInclude>
    <ClInclude Include="MathGeoLib\include\Math\MathLog.h">
      <Filter>Sources\3rd party\MathGeoLib\Math</Filter>
    </ClInclude>
    <ClInclude Include="MathGeoLib\include\Math\MathNamespace.h">
      <Filter>Sources\3rd party\MathGeoLib\Math</Filter>
    </ClInclude>
    <ClInclude Include="MathGeoLib\include\Math\MathTypes.h">
      <Filter>Sources\3rd party\MathGeoLib\Math</Filter>
    </ClInclude>
    <ClInclude Include="MathGeoLib\include\Math\MatrixProxy.h">
      <Filter>Sources\3rd party\MathGeoLib\Math</Filter>
    </ClInclude>
    <ClInclude Include="MathGeoLib\include\Math\MiniFloat.h">
      <Filter>Sources\3rd party\MathGeoLib\Math</Filter>
    </ClInclude>
    <ClInclude Include="MathGeoLib\include\Math\MultiLineMacro.h">
      <Filter>Sources\3rd party\MathGeoLib\Math</Filter>
    </ClInclude>
    <ClInclude Include="MathGeoLib\include\Math\myassert.h">
      <Filter>Sources\3rd party\MathGeoLib\Math</Filter>
    </ClInclude>
    <ClInclude Include="MathGeoLib\include\Math\Polynomial.h">
      <Filter>Sources\3rd party\MathGeoLib\Math</Filter>
    </ClInclude>
    <ClInclude Include="MathGeoLib\include\Math\Quat.h">
      <Filter>Sources\3rd party\MathGeoLib\Math</Filter>
    </ClInclude>
    <ClInclude Include="MathGeoLib\include\Math\quat_simd.h">
      <Filter>Sources\3rd party\MathGeoLib\Math</Filter>
    </ClInclude>
    <ClInclude Include="MathGeoLib\include\Math\Rect.h">
      <Filter>Sources\3rd party\MathGeoLib\Math</Filter>
    </ClInclude>
    <ClInclude Include="MathGeoLib\include\Math\Reinterpret.h">
      <Filter>Sources\3rd party\MathGeoLib\Math</Filter>
    </ClInclude>
    <ClInclude Include="MathGeoLib\include\Math\simd.h">
      <Filter>Sources\3rd party\MathGeoLib\Math</Filter>
    </ClInclude>
    <ClInclude Include="MathGeoLib\include\Math\SSEMath.h">
      <Filter>Sources\3rd party\MathGeoLib\Math</Filter>
    </ClInclude>
    <ClInclude Include="MathGeoLib\include\Math\sse_mathfun.h">
      <Filter>Sources\3rd party\MathGeoLib\Math</Filter>
    </ClInclude>
    <ClInclude Include="MathGeoLib\include\Math\Swap.h">
      <Filter>Sources\3rd party\MathGeoLib\Math</Filter>
    </ClInclude>
    <ClInclude Include="MathGeoLib\include\Math\TransformOps.h">
      <Filter>Sources\3rd party\MathGeoLib\Math</Filter>
    </ClInclude>
    <ClInclude Include="MathGeoLib\include\Math\vec2d.h">
      <Filter>Sources\3rd party\MathGeoLib\Math</Filter>
    </ClInclude>
    <ClInclude Include="MathGeoLib\include\Time\Clock.h">
      <Filter>Sources\3rd party\MathGeoLib\Time</Filter>
    </ClInclude>
    <ClInclude Include="PanelBuild.h">
      <Filter>Sources\EditorPanels</Filter>
    </ClInclude>
    <ClInclude Include="PanelPhysics.h">
      <Filter>Sources\EditorPanels</Filter>
    </ClInclude>
    <ClInclude Include="Imgui\ImGuizmo\ImGuizmo.h">
      <Filter>Sources\3rd party\Imgui\ImGuizmo</Filter>
    </ClInclude>
    <ClInclude Include="Imgui\imconfig.h">
      <Filter>Sources\3rd party\Imgui</Filter>
    </ClInclude>
    <ClInclude Include="Imgui\imgui.h">
      <Filter>Sources\3rd party\Imgui</Filter>
    </ClInclude>
    <ClInclude Include="Imgui\imgui_impl_opengl3.h">
      <Filter>Sources\3rd party\Imgui</Filter>
    </ClInclude>
    <ClInclude Include="Imgui\imgui_impl_sdl.h">
      <Filter>Sources\3rd party\Imgui</Filter>
    </ClInclude>
    <ClInclude Include="Imgui\imgui_internal.h">
      <Filter>Sources\3rd party\Imgui</Filter>
    </ClInclude>
    <ClInclude Include="Imgui\imstb_rectpack.h">
      <Filter>Sources\3rd party\Imgui</Filter>
    </ClInclude>
    <ClInclude Include="Imgui\imstb_textedit.h">
      <Filter>Sources\3rd party\Imgui</Filter>
    </ClInclude>
    <ClInclude Include="Imgui\imstb_truetype.h">
      <Filter>Sources\3rd party\Imgui</Filter>
    </ClInclude>
    <ClInclude Include="PanelNavigation.h">
      <Filter>Sources\EditorPanels</Filter>
    </ClInclude>
    <ClInclude Include="PanelRendering.h">
      <Filter>Sources\EditorPanels</Filter>
    </ClInclude>
    <ClInclude Include="ModuleRecast.h">
      <Filter>Sources\Modules</Filter>
    </ClInclude>
    <ClInclude Include="InputGeometry.h">
      <Filter>Sources\Helpers</Filter>
    </ClInclude>
    <ClInclude Include="rcChunkyTriMesh.h">
      <Filter>Sources\Helpers</Filter>
    </ClInclude>
    <ClInclude Include="Panel.h">
      <Filter>Sources\EditorPanels</Filter>
    </ClInclude>
  </ItemGroup>
  <ItemGroup>
    <ClCompile Include="EngineApplication.cpp">
      <Filter>Sources</Filter>
    </ClCompile>
    <ClCompile Include="PanelAbout.cpp">
      <Filter>Sources\EditorPanels</Filter>
    </ClCompile>
    <ClCompile Include="PanelConsole.cpp">
      <Filter>Sources\EditorPanels</Filter>
    </ClCompile>
    <ClCompile Include="PanelHierarchy.cpp">
      <Filter>Sources\EditorPanels</Filter>
    </ClCompile>
    <ClCompile Include="PanelInspector.cpp">
      <Filter>Sources\EditorPanels</Filter>
    </ClCompile>
    <ClCompile Include="PanelProject.cpp">
      <Filter>Sources\EditorPanels</Filter>
    </ClCompile>
    <ClCompile Include="PanelResources.cpp">
      <Filter>Sources\EditorPanels</Filter>
    </ClCompile>
    <ClCompile Include="PanelScene.cpp">
      <Filter>Sources\EditorPanels</Filter>
    </ClCompile>
    <ClCompile Include="PanelSettings.cpp">
      <Filter>Sources\EditorPanels</Filter>
    </ClCompile>
    <ClCompile Include="PanelShaderEditor.cpp">
      <Filter>Sources\EditorPanels</Filter>
    </ClCompile>
    <ClCompile Include="PanelToolbar.cpp">
      <Filter>Sources\EditorPanels</Filter>
    </ClCompile>
    <ClCompile Include="mmgr\mmgr.cpp">
      <Filter>Sources\3rd party\mmgr</Filter>
    </ClCompile>
    <ClCompile Include="ModuleEditorUI.cpp">
      <Filter>Sources\Modules</Filter>
    </ClCompile>
    <ClCompile Include="glad\src\glad.c">
      <Filter>Sources\3rd party\glad</Filter>
    </ClCompile>
    <ClCompile Include="MathGeoLib\include\Algorithm\GJK.cpp">
      <Filter>Sources\3rd party\MathGeoLib\Algorithm</Filter>
    </ClCompile>
    <ClCompile Include="MathGeoLib\include\Algorithm\GJK2D.cpp">
      <Filter>Sources\3rd party\MathGeoLib\Algorithm</Filter>
    </ClCompile>
    <ClCompile Include="MathGeoLib\include\Algorithm\SAT.cpp">
      <Filter>Sources\3rd party\MathGeoLib\Algorithm</Filter>
    </ClCompile>
    <ClCompile Include="MathGeoLib\include\Algorithm\Random\LCG.cpp">
      <Filter>Sources\3rd party\MathGeoLib\Algorithm\Random</Filter>
    </ClCompile>
    <ClCompile Include="MathGeoLib\include\Geometry\AABB.cpp">
      <Filter>Sources\3rd party\MathGeoLib\Geometry</Filter>
    </ClCompile>
    <ClCompile Include="MathGeoLib\include\Geometry\Capsule.cpp">
      <Filter>Sources\3rd party\MathGeoLib\Geometry</Filter>
    </ClCompile>
    <ClCompile Include="MathGeoLib\include\Geometry\Circle.cpp">
      <Filter>Sources\3rd party\MathGeoLib\Geometry</Filter>
    </ClCompile>
    <ClCompile Include="MathGeoLib\include\Geometry\Circle2D.cpp">
      <Filter>Sources\3rd party\MathGeoLib\Geometry</Filter>
    </ClCompile>
    <ClCompile Include="MathGeoLib\include\Geometry\Frustum.cpp">
      <Filter>Sources\3rd party\MathGeoLib\Geometry</Filter>
    </ClCompile>
    <ClCompile Include="MathGeoLib\include\Geometry\Line.cpp">
      <Filter>Sources\3rd party\MathGeoLib\Geometry</Filter>
    </ClCompile>
    <ClCompile Include="MathGeoLib\include\Geometry\LineSegment.cpp">
      <Filter>Sources\3rd party\MathGeoLib\Geometry</Filter>
    </ClCompile>
    <ClCompile Include="MathGeoLib\include\Geometry\LineSegment2D.cpp">
      <Filter>Sources\3rd party\MathGeoLib\Geometry</Filter>
    </ClCompile>
    <ClCompile Include="MathGeoLib\include\Geometry\OBB.cpp">
      <Filter>Sources\3rd party\MathGeoLib\Geometry</Filter>
    </ClCompile>
    <ClCompile Include="MathGeoLib\include\Geometry\PBVolume.cpp">
      <Filter>Sources\3rd party\MathGeoLib\Geometry</Filter>
    </ClCompile>
    <ClCompile Include="MathGeoLib\include\Geometry\Plane.cpp">
      <Filter>Sources\3rd party\MathGeoLib\Geometry</Filter>
    </ClCompile>
    <ClCompile Include="MathGeoLib\include\Geometry\Polygon.cpp">
      <Filter>Sources\3rd party\MathGeoLib\Geometry</Filter>
    </ClCompile>
    <ClCompile Include="MathGeoLib\include\Geometry\Polyhedron.cpp">
      <Filter>Sources\3rd party\MathGeoLib\Geometry</Filter>
    </ClCompile>
    <ClCompile Include="MathGeoLib\include\Geometry\Ray.cpp">
      <Filter>Sources\3rd party\MathGeoLib\Geometry</Filter>
    </ClCompile>
    <ClCompile Include="MathGeoLib\include\Geometry\Sphere.cpp">
      <Filter>Sources\3rd party\MathGeoLib\Geometry</Filter>
    </ClCompile>
    <ClCompile Include="MathGeoLib\include\Geometry\Triangle.cpp">
      <Filter>Sources\3rd party\MathGeoLib\Geometry</Filter>
    </ClCompile>
    <ClCompile Include="MathGeoLib\include\Geometry\Triangle2D.cpp">
      <Filter>Sources\3rd party\MathGeoLib\Geometry</Filter>
    </ClCompile>
    <ClCompile Include="MathGeoLib\include\Geometry\TriangleMesh.cpp">
      <Filter>Sources\3rd party\MathGeoLib\Geometry</Filter>
    </ClCompile>
    <ClCompile Include="MathGeoLib\include\Math\BitOps.cpp">
      <Filter>Sources\3rd party\MathGeoLib\Math</Filter>
    </ClCompile>
    <ClCompile Include="MathGeoLib\include\Math\Callstack.cpp">
      <Filter>Sources\3rd party\MathGeoLib\Math</Filter>
    </ClCompile>
    <ClCompile Include="MathGeoLib\include\Math\float2.cpp">
      <Filter>Sources\3rd party\MathGeoLib\Math</Filter>
    </ClCompile>
    <ClCompile Include="MathGeoLib\include\Math\float3.cpp">
      <Filter>Sources\3rd party\MathGeoLib\Math</Filter>
    </ClCompile>
    <ClCompile Include="MathGeoLib\include\Math\float3x3.cpp">
      <Filter>Sources\3rd party\MathGeoLib\Math</Filter>
    </ClCompile>
    <ClCompile Include="MathGeoLib\include\Math\float3x4.cpp">
      <Filter>Sources\3rd party\MathGeoLib\Math</Filter>
    </ClCompile>
    <ClCompile Include="MathGeoLib\include\Math\float4.cpp">
      <Filter>Sources\3rd party\MathGeoLib\Math</Filter>
    </ClCompile>
    <ClCompile Include="MathGeoLib\include\Math\float4d.cpp">
      <Filter>Sources\3rd party\MathGeoLib\Math</Filter>
    </ClCompile>
    <ClCompile Include="MathGeoLib\include\Math\float4x4.cpp">
      <Filter>Sources\3rd party\MathGeoLib\Math</Filter>
    </ClCompile>
    <ClCompile Include="MathGeoLib\include\Math\grisu3.c">
      <Filter>Sources\3rd party\MathGeoLib\Math</Filter>
    </ClCompile>
    <ClCompile Include="MathGeoLib\include\Math\grisu3_cpp.cpp">
      <Filter>Sources\3rd party\MathGeoLib\Math</Filter>
    </ClCompile>
    <ClCompile Include="MathGeoLib\include\Math\MathFunc.cpp">
      <Filter>Sources\3rd party\MathGeoLib\Math</Filter>
    </ClCompile>
    <ClCompile Include="MathGeoLib\include\Math\MathLog.cpp">
      <Filter>Sources\3rd party\MathGeoLib\Math</Filter>
    </ClCompile>
    <ClCompile Include="MathGeoLib\include\Math\MathOps.cpp">
      <Filter>Sources\3rd party\MathGeoLib\Math</Filter>
    </ClCompile>
    <ClCompile Include="MathGeoLib\include\Math\MiniFloat.cpp">
      <Filter>Sources\3rd party\MathGeoLib\Math</Filter>
    </ClCompile>
    <ClCompile Include="MathGeoLib\include\Math\Polynomial.cpp">
      <Filter>Sources\3rd party\MathGeoLib\Math</Filter>
    </ClCompile>
    <ClCompile Include="MathGeoLib\include\Math\Quat.cpp">
      <Filter>Sources\3rd party\MathGeoLib\Math</Filter>
    </ClCompile>
    <ClCompile Include="MathGeoLib\include\Math\SSEMath.cpp">
      <Filter>Sources\3rd party\MathGeoLib\Math</Filter>
    </ClCompile>
    <ClCompile Include="MathGeoLib\include\Math\TransformOps.cpp">
      <Filter>Sources\3rd party\MathGeoLib\Math</Filter>
    </ClCompile>
    <ClCompile Include="MathGeoLib\include\Time\Clock.cpp">
      <Filter>Sources\3rd party\MathGeoLib\Time</Filter>
    </ClCompile>
    <ClCompile Include="PanelBuild.cpp">
      <Filter>Sources\EditorPanels</Filter>
    </ClCompile>
    <ClCompile Include="PanelPhysics.cpp">
      <Filter>Sources\EditorPanels</Filter>
    </ClCompile>
    <ClCompile Include="Imgui\ImGuizmo\ImGuizmo.cpp">
      <Filter>Sources\3rd party\Imgui\ImGuizmo</Filter>
    </ClCompile>
    <ClCompile Include="Imgui\imgui.cpp">
      <Filter>Sources\3rd party\Imgui</Filter>
    </ClCompile>
    <ClCompile Include="Imgui\imgui_demo.cpp">
      <Filter>Sources\3rd party\Imgui</Filter>
    </ClCompile>
    <ClCompile Include="Imgui\imgui_draw.cpp">
      <Filter>Sources\3rd party\Imgui</Filter>
    </ClCompile>
    <ClCompile Include="Imgui\imgui_impl_opengl3.cpp">
      <Filter>Sources\3rd party\Imgui</Filter>
    </ClCompile>
    <ClCompile Include="Imgui\imgui_impl_sdl.cpp">
      <Filter>Sources\3rd party\Imgui</Filter>
    </ClCompile>
    <ClCompile Include="Imgui\imgui_widgets.cpp">
      <Filter>Sources\3rd party\Imgui</Filter>
    </ClCompile>
    <ClCompile Include="PanelNavigation.cpp">
      <Filter>Sources\EditorPanels</Filter>
    </ClCompile>
    <ClCompile Include="PanelRendering.cpp">
      <Filter>Sources\EditorPanels</Filter>
    </ClCompile>
    <ClCompile Include="ModuleRecast.cpp">
      <Filter>Sources\Modules</Filter>
    </ClCompile>
    <ClCompile Include="RecastNavigation\Recast\Source\Recast.cpp">
      <Filter>Sources\3rd party\RecastNavigation\recast</Filter>
    </ClCompile>
    <ClCompile Include="RecastNavigation\Recast\Source\RecastAlloc.cpp">
      <Filter>Sources\3rd party\RecastNavigation\recast</Filter>
    </ClCompile>
    <ClCompile Include="RecastNavigation\Recast\Source\RecastArea.cpp">
      <Filter>Sources\3rd party\RecastNavigation\recast</Filter>
    </ClCompile>
    <ClCompile Include="RecastNavigation\Recast\Source\RecastAssert.cpp">
      <Filter>Sources\3rd party\RecastNavigation\recast</Filter>
    </ClCompile>
    <ClCompile Include="RecastNavigation\Recast\Source\RecastContour.cpp">
      <Filter>Sources\3rd party\RecastNavigation\recast</Filter>
    </ClCompile>
    <ClCompile Include="RecastNavigation\Recast\Source\RecastFilter.cpp">
      <Filter>Sources\3rd party\RecastNavigation\recast</Filter>
    </ClCompile>
    <ClCompile Include="RecastNavigation\Recast\Source\RecastLayers.cpp">
      <Filter>Sources\3rd party\RecastNavigation\recast</Filter>
    </ClCompile>
    <ClCompile Include="RecastNavigation\Recast\Source\RecastMesh.cpp">
      <Filter>Sources\3rd party\RecastNavigation\recast</Filter>
    </ClCompile>
    <ClCompile Include="RecastNavigation\Recast\Source\RecastMeshDetail.cpp">
      <Filter>Sources\3rd party\RecastNavigation\recast</Filter>
    </ClCompile>
    <ClCompile Include="RecastNavigation\Recast\Source\RecastRasterization.cpp">
      <Filter>Sources\3rd party\RecastNavigation\recast</Filter>
    </ClCompile>
    <ClCompile Include="RecastNavigation\Recast\Source\RecastRegion.cpp">
      <Filter>Sources\3rd party\RecastNavigation\recast</Filter>
    </ClCompile>
    <ClCompile Include="InputGeometry.cpp">
      <Filter>Sources\Helpers</Filter>
    </ClCompile>
    <ClCompile Include="RecastNavigation\Detour\Source\DetourAlloc.cpp">
      <Filter>Sources\3rd party\RecastNavigation\detour</Filter>
    </ClCompile>
    <ClCompile Include="RecastNavigation\Detour\Source\DetourAssert.cpp">
      <Filter>Sources\3rd party\RecastNavigation\detour</Filter>
    </ClCompile>
    <ClCompile Include="RecastNavigation\Detour\Source\DetourCommon.cpp">
      <Filter>Sources\3rd party\RecastNavigation\detour</Filter>
    </ClCompile>
    <ClCompile Include="RecastNavigation\Detour\Source\DetourNavMesh.cpp">
      <Filter>Sources\3rd party\RecastNavigation\detour</Filter>
    </ClCompile>
    <ClCompile Include="RecastNavigation\Detour\Source\DetourNavMeshBuilder.cpp">
      <Filter>Sources\3rd party\RecastNavigation\detour</Filter>
    </ClCompile>
    <ClCompile Include="RecastNavigation\Detour\Source\DetourNavMeshQuery.cpp">
      <Filter>Sources\3rd party\RecastNavigation\detour</Filter>
    </ClCompile>
    <ClCompile Include="RecastNavigation\Detour\Source\DetourNode.cpp">
      <Filter>Sources\3rd party\RecastNavigation\detour</Filter>
    </ClCompile>
    <ClCompile Include="rcChunkyTriMesh.cpp">
      <Filter>Sources\Helpers</Filter>
    </ClCompile>
    <ClCompile Include="Panel.cpp">
      <Filter>Sources\EditorPanels</Filter>
    </ClCompile>
  </ItemGroup>
  <ItemGroup>
    <Image Include="EXE ICON.ico">
      <Filter>Sources\VSResources</Filter>
    </Image>
  </ItemGroup>
  <ItemGroup>
    <ResourceCompile Include="Broken Engine.rc">
      <Filter>Sources\VSResources</Filter>
    </ResourceCompile>
  </ItemGroup>
  <ItemGroup>
    <None Include="MathGeoLib\include\Geometry\KDTree.inl">
      <Filter>Sources\3rd party\MathGeoLib\Geometry</Filter>
    </None>
    <None Include="MathGeoLib\include\Geometry\QuadTree.inl">
      <Filter>Sources\3rd party\MathGeoLib\Geometry</Filter>
    </None>
    <None Include="MathGeoLib\include\Geometry\TriangleMesh_IntersectRay_AVX.inl">
      <Filter>Sources\3rd party\MathGeoLib\Geometry</Filter>
    </None>
    <None Include="MathGeoLib\include\Geometry\TriangleMesh_IntersectRay_CPP.inl">
      <Filter>Sources\3rd party\MathGeoLib\Geometry</Filter>
    </None>
    <None Include="MathGeoLib\include\Geometry\TriangleMesh_IntersectRay_SSE.inl">
      <Filter>Sources\3rd party\MathGeoLib\Geometry</Filter>
    </None>
    <None Include="MathGeoLib\include\Math\float2.inl">
      <Filter>Sources\3rd party\MathGeoLib\Math</Filter>
    </None>
    <None Include="MathGeoLib\include\Math\Matrix.inl">
      <Filter>Sources\3rd party\MathGeoLib\Math</Filter>
    </None>
  </ItemGroup>
</Project>