<?xml version="1.0" encoding="utf-8"?>
<Project ToolsVersion="4.0" xmlns="http://schemas.microsoft.com/developer/msbuild/2003">
  <ItemGroup>
    <ClInclude Include="ModuleGameManager.h">
      <Filter>Source\Modules</Filter>
    </ClInclude>
    <ClInclude Include="VSresource.h">
      <Filter>VSResources</Filter>
    </ClInclude>
    <ClInclude Include="GameApplication.h">
      <Filter>Source</Filter>
    </ClInclude>
  </ItemGroup>
  <ItemGroup>
    <ClCompile Include="ModuleGameManager.cpp">
      <Filter>Source\Modules</Filter>
    </ClCompile>
    <ClCompile Include="GameApplication.cpp">
      <Filter>Source</Filter>
    </ClCompile>
  </ItemGroup>
  <ItemGroup>
    <Filter Include="VSResources">
      <UniqueIdentifier>{458bb8d2-c2fe-4fdd-b7e9-b8d1153869eb}</UniqueIdentifier>
    </Filter>
    <Filter Include="Source">
      <UniqueIdentifier>{e2fda0bd-cdc5-4194-bbb2-12ca395b0f89}</UniqueIdentifier>
    </Filter>
    <Filter Include="Source\Modules">
      <UniqueIdentifier>{57f03a0d-9e72-4963-b010-15dd5fe57fea}</UniqueIdentifier>
    </Filter>
  </ItemGroup>
  <ItemGroup>
    <ResourceCompile Include="Broken Engine.rc">
      <Filter>VSResources</Filter>
    </ResourceCompile>
  </ItemGroup>
  <ItemGroup>
    <Image Include="EXE ICON.ico">
      <Filter>VSResources</Filter>
    </Image>
  </ItemGroup>
</Project>