<?xml version="1.0" encoding="utf-8"?>
<Project ToolsVersion="4.0" xmlns="http://schemas.microsoft.com/developer/msbuild/2003">
  <ItemGroup>
    <Filter Include="Sources">
      <UniqueIdentifier>{8b7ed093-66ce-4096-96d2-fbb9faa4bf52}</UniqueIdentifier>
    </Filter>
    <Filter Include="Sources\Modules">
      <UniqueIdentifier>{7b418be2-1631-4a31-9ef2-8a8b234a7339}</UniqueIdentifier>
    </Filter>
    <Filter Include="Sources\VSResources">
      <UniqueIdentifier>{6057c556-5da2-4161-a91e-ab85919a9010}</UniqueIdentifier>
    </Filter>
    <Filter Include="Sources\EditorPanels">
      <UniqueIdentifier>{0b2650b1-2fb2-4dc9-b715-0881fa96f27a}</UniqueIdentifier>
    </Filter>
    <Filter Include="Sources\3rd party">
      <UniqueIdentifier>{63b4c65f-6d9c-495a-b6e1-b28ea9886dea}</UniqueIdentifier>
    </Filter>
    <Filter Include="Sources\3rd party\Imgui">
      <UniqueIdentifier>{71ff72d8-f9ee-433b-98ad-2397b874048c}</UniqueIdentifier>
    </Filter>
    <Filter Include="Sources\3rd party\Imgui\ImGuizmo">
      <UniqueIdentifier>{ad6af1d3-585a-432f-8f23-57e0a952d1a5}</UniqueIdentifier>
    </Filter>
    <Filter Include="Sources\Helpers">
      <UniqueIdentifier>{8ea028ee-87c9-4ccc-98df-0332177e920e}</UniqueIdentifier>
    </Filter>
    <Filter Include="Sources\3rd party\mmgr">
      <UniqueIdentifier>{083cac49-5b36-4b32-9d19-9ecde5298a3d}</UniqueIdentifier>
    </Filter>
  </ItemGroup>
  <ItemGroup>
    <ClInclude Include="VSresource.h">
      <Filter>Sources\VSResources</Filter>
    </ClInclude>
    <ClInclude Include="EngineApplication.h">
      <Filter>Sources</Filter>
    </ClInclude>
    <ClInclude Include="PanelToolbar.h">
      <Filter>Sources\EditorPanels</Filter>
    </ClInclude>
    <ClInclude Include="PanelAbout.h">
      <Filter>Sources\EditorPanels</Filter>
    </ClInclude>
    <ClInclude Include="PanelConsole.h">
      <Filter>Sources\EditorPanels</Filter>
    </ClInclude>
    <ClInclude Include="PanelHierarchy.h">
      <Filter>Sources\EditorPanels</Filter>
    </ClInclude>
    <ClInclude Include="PanelInspector.h">
      <Filter>Sources\EditorPanels</Filter>
    </ClInclude>
    <ClInclude Include="PanelProject.h">
      <Filter>Sources\EditorPanels</Filter>
    </ClInclude>
    <ClInclude Include="PanelResources.h">
      <Filter>Sources\EditorPanels</Filter>
    </ClInclude>
    <ClInclude Include="PanelScene.h">
      <Filter>Sources\EditorPanels</Filter>
    </ClInclude>
    <ClInclude Include="PanelSettings.h">
      <Filter>Sources\EditorPanels</Filter>
    </ClInclude>
    <ClInclude Include="PanelShaderEditor.h">
      <Filter>Sources\EditorPanels</Filter>
    </ClInclude>
    <ClInclude Include="Imgui\imconfig.h">
      <Filter>Sources\3rd party\Imgui</Filter>
    </ClInclude>
    <ClInclude Include="Imgui\imgui.h">
      <Filter>Sources\3rd party\Imgui</Filter>
    </ClInclude>
    <ClInclude Include="Imgui\imgui_impl_opengl3.h">
      <Filter>Sources\3rd party\Imgui</Filter>
    </ClInclude>
    <ClInclude Include="Imgui\imgui_impl_sdl.h">
      <Filter>Sources\3rd party\Imgui</Filter>
    </ClInclude>
    <ClInclude Include="Imgui\imgui_internal.h">
      <Filter>Sources\3rd party\Imgui</Filter>
    </ClInclude>
    <ClInclude Include="Imgui\imstb_rectpack.h">
      <Filter>Sources\3rd party\Imgui</Filter>
    </ClInclude>
    <ClInclude Include="Imgui\imstb_textedit.h">
      <Filter>Sources\3rd party\Imgui</Filter>
    </ClInclude>
    <ClInclude Include="Imgui\imstb_truetype.h">
      <Filter>Sources\3rd party\Imgui</Filter>
    </ClInclude>
    <ClInclude Include="Imgui\ImGuizmo\ImGuizmo.h">
      <Filter>Sources\3rd party\Imgui\ImGuizmo</Filter>
    </ClInclude>
    <ClInclude Include="Panels.h">
      <Filter>Sources\Helpers</Filter>
    </ClInclude>
    <ClInclude Include="mmgr\mmgr.h">
      <Filter>Sources\3rd party\mmgr</Filter>
    </ClInclude>
    <ClInclude Include="mmgr\nommgr.h">
      <Filter>Sources\3rd party\mmgr</Filter>
    </ClInclude>
    <ClInclude Include="ModuleEditorUI.h">
      <Filter>Sources\Modules</Filter>
    </ClInclude>
  </ItemGroup>
  <ItemGroup>
    <ClCompile Include="EngineApplication.cpp">
      <Filter>Sources</Filter>
    </ClCompile>
    <ClCompile Include="PanelAbout.cpp">
      <Filter>Sources\EditorPanels</Filter>
    </ClCompile>
    <ClCompile Include="PanelConsole.cpp">
      <Filter>Sources\EditorPanels</Filter>
    </ClCompile>
    <ClCompile Include="PanelHierarchy.cpp">
      <Filter>Sources\EditorPanels</Filter>
    </ClCompile>
    <ClCompile Include="PanelInspector.cpp">
      <Filter>Sources\EditorPanels</Filter>
    </ClCompile>
    <ClCompile Include="PanelProject.cpp">
      <Filter>Sources\EditorPanels</Filter>
    </ClCompile>
    <ClCompile Include="PanelResources.cpp">
      <Filter>Sources\EditorPanels</Filter>
    </ClCompile>
    <ClCompile Include="PanelScene.cpp">
      <Filter>Sources\EditorPanels</Filter>
    </ClCompile>
    <ClCompile Include="PanelSettings.cpp">
      <Filter>Sources\EditorPanels</Filter>
    </ClCompile>
    <ClCompile Include="PanelShaderEditor.cpp">
      <Filter>Sources\EditorPanels</Filter>
    </ClCompile>
    <ClCompile Include="PanelToolbar.cpp">
      <Filter>Sources\EditorPanels</Filter>
    </ClCompile>
    <ClCompile Include="Imgui\imgui.cpp">
      <Filter>Sources\3rd party\Imgui</Filter>
    </ClCompile>
    <ClCompile Include="Imgui\imgui_demo.cpp">
      <Filter>Sources\3rd party\Imgui</Filter>
    </ClCompile>
    <ClCompile Include="Imgui\imgui_draw.cpp">
      <Filter>Sources\3rd party\Imgui</Filter>
    </ClCompile>
    <ClCompile Include="Imgui\imgui_impl_opengl3.cpp">
      <Filter>Sources\3rd party\Imgui</Filter>
    </ClCompile>
    <ClCompile Include="Imgui\imgui_impl_sdl.cpp">
      <Filter>Sources\3rd party\Imgui</Filter>
    </ClCompile>
    <ClCompile Include="Imgui\imgui_widgets.cpp">
      <Filter>Sources\3rd party\Imgui</Filter>
    </ClCompile>
    <ClCompile Include="Imgui\ImGuizmo\ImGuizmo.cpp">
      <Filter>Sources\3rd party\Imgui\ImGuizmo</Filter>
    </ClCompile>
    <ClCompile Include="mmgr\mmgr.cpp">
      <Filter>Sources\3rd party\mmgr</Filter>
    </ClCompile>
    <ClCompile Include="ModuleEditorUI.cpp">
      <Filter>Sources\Modules</Filter>
    </ClCompile>
  </ItemGroup>
  <ItemGroup>
    <Image Include="EXE ICON.ico">
      <Filter>Sources\VSResources</Filter>
    </Image>
  </ItemGroup>
  <ItemGroup>
    <ResourceCompile Include="Broken Engine.rc">
      <Filter>Sources\VSResources</Filter>
    </ResourceCompile>
  </ItemGroup>
</Project>