<?xml version="1.0" encoding="utf-8"?>
<Project ToolsVersion="4.0" xmlns="http://schemas.microsoft.com/developer/msbuild/2003">
  <ItemGroup>
    <Filter Include="Sources">
      <UniqueIdentifier>{8b7ed093-66ce-4096-96d2-fbb9faa4bf52}</UniqueIdentifier>
    </Filter>
    <Filter Include="Sources\Modules">
      <UniqueIdentifier>{7b418be2-1631-4a31-9ef2-8a8b234a7339}</UniqueIdentifier>
    </Filter>
    <Filter Include="Sources\Containers">
      <UniqueIdentifier>{afc36133-f401-499a-aa33-0da1e500fb52}</UniqueIdentifier>
    </Filter>
    <Filter Include="Sources\Tools">
      <UniqueIdentifier>{7e4dfaf7-022c-4f7d-92aa-f3b3fa9d6248}</UniqueIdentifier>
    </Filter>
    <Filter Include="Sources\3rd Party">
      <UniqueIdentifier>{b2f06591-4a2f-4f1a-b2c3-ec97abe858bd}</UniqueIdentifier>
    </Filter>
    <Filter Include="Sources\3rd Party\Imgui">
      <UniqueIdentifier>{f7888359-da37-45c4-8d2e-17a43052f8eb}</UniqueIdentifier>
    </Filter>
    <Filter Include="Sources\3rd Party\MathGeoLib">
      <UniqueIdentifier>{01599f35-9d98-4c32-97cd-10d59b77238d}</UniqueIdentifier>
    </Filter>
    <Filter Include="Sources\3rd Party\Imgui\ImGuizmo">
      <UniqueIdentifier>{c81c6438-ce78-45c3-b22a-328e33578912}</UniqueIdentifier>
    </Filter>
    <Filter Include="Sources\VSResources">
      <UniqueIdentifier>{6057c556-5da2-4161-a91e-ab85919a9010}</UniqueIdentifier>
    </Filter>
    <Filter Include="Sources\3rd Party\json">
      <UniqueIdentifier>{8c42a9a9-a0d8-4f2e-b986-5b89e57c1712}</UniqueIdentifier>
    </Filter>
    <Filter Include="Sources\3rd Party\mmgr">
      <UniqueIdentifier>{6c326692-43bf-43ba-b73c-793c6a979038}</UniqueIdentifier>
    </Filter>
    <Filter Include="Sources\3rd Party\par shapes">
      <UniqueIdentifier>{bc82f0f5-fca0-46f2-a6f1-b30668937b32}</UniqueIdentifier>
    </Filter>
    <Filter Include="Sources\EditorPanels">
      <UniqueIdentifier>{b9ecbe23-f523-4b9d-97a3-34d6e133690c}</UniqueIdentifier>
    </Filter>
    <Filter Include="Sources\Tools\Helpers">
      <UniqueIdentifier>{121f8e6b-df36-4ab0-be0d-601ddfc9e503}</UniqueIdentifier>
    </Filter>
    <Filter Include="Sources\Game Objects">
      <UniqueIdentifier>{7f726d8d-a75f-44b3-8629-35d0d62f3672}</UniqueIdentifier>
    </Filter>
    <Filter Include="Sources\Game Objects\Components">
      <UniqueIdentifier>{61475cf2-6c53-4b8e-babc-3bf35a2320a2}</UniqueIdentifier>
    </Filter>
    <Filter Include="Sources\Resources">
      <UniqueIdentifier>{aabe4bfb-2742-467d-8bd9-8eb226e07829}</UniqueIdentifier>
    </Filter>
    <Filter Include="Sources\3rd Party\MathGeoLib\Algorithm">
      <UniqueIdentifier>{b655f7e5-4c88-4c83-9cb1-5d4dd36d6f40}</UniqueIdentifier>
    </Filter>
    <Filter Include="Sources\3rd Party\MathGeoLib\Algorithm\Random">
      <UniqueIdentifier>{676ce4d1-7702-44b4-8bc9-96f516814e18}</UniqueIdentifier>
    </Filter>
    <Filter Include="Sources\3rd Party\MathGeoLib\Geometry">
      <UniqueIdentifier>{ae7ab34c-6279-411e-a76f-0c28415e7e15}</UniqueIdentifier>
    </Filter>
    <Filter Include="Sources\3rd Party\MathGeoLib\Math">
      <UniqueIdentifier>{6f7cf04b-6e52-4678-b381-e01a63c76d85}</UniqueIdentifier>
    </Filter>
    <Filter Include="Sources\3rd Party\MathGeoLib\Time">
      <UniqueIdentifier>{84330e1f-d6a5-4b2c-95d4-febee7a50355}</UniqueIdentifier>
    </Filter>
    <Filter Include="Sources\Resources\Importers">
      <UniqueIdentifier>{999fa85e-3dcf-4a41-8a1e-c52a5a31fc78}</UniqueIdentifier>
    </Filter>
    <Filter Include="Sources\3rd Party\glad">
      <UniqueIdentifier>{cc415a8f-0896-47ec-871d-3acac291c44d}</UniqueIdentifier>
    </Filter>
  </ItemGroup>
  <ItemGroup>
    <ClInclude Include="Module.h">
      <Filter>Sources\Modules</Filter>
    </ClInclude>
    <ClInclude Include="ModuleCamera3D.h">
      <Filter>Sources\Modules</Filter>
    </ClInclude>
    <ClInclude Include="ModuleInput.h">
      <Filter>Sources\Modules</Filter>
    </ClInclude>
    <ClInclude Include="ModuleRenderer3D.h">
      <Filter>Sources\Modules</Filter>
    </ClInclude>
    <ClInclude Include="ModuleWindow.h">
      <Filter>Sources\Modules</Filter>
    </ClInclude>
    <ClInclude Include="Application.h">
      <Filter>Sources</Filter>
    </ClInclude>
    <ClInclude Include="Color.h">
      <Filter>Sources\Containers</Filter>
    </ClInclude>
    <ClInclude Include="Light.h">
      <Filter>Sources\Tools\Helpers</Filter>
    </ClInclude>
    <ClInclude Include="Timer.h">
      <Filter>Sources\Tools</Filter>
    </ClInclude>
    <ClInclude Include="Math.h">
      <Filter>Sources\Tools</Filter>
    </ClInclude>
    <ClInclude Include="ModuleHardware.h">
      <Filter>Sources\Modules</Filter>
    </ClInclude>
    <ClInclude Include="ModuleGui.h">
      <Filter>Sources\Modules</Filter>
    </ClInclude>
    <ClInclude Include="Panel.h">
      <Filter>Sources\EditorPanels</Filter>
    </ClInclude>
    <ClInclude Include="PanelAbout.h">
      <Filter>Sources\EditorPanels</Filter>
    </ClInclude>
    <ClInclude Include="PanelSettings.h">
      <Filter>Sources\EditorPanels</Filter>
    </ClInclude>
    <ClInclude Include="PerfTimer.h">
      <Filter>Sources\Tools</Filter>
    </ClInclude>
    <ClInclude Include="Globals.h">
      <Filter>Sources</Filter>
    </ClInclude>
    <ClInclude Include="json\json.hpp">
      <Filter>Sources\3rd Party\json</Filter>
    </ClInclude>
    <ClInclude Include="Imgui\imconfig.h">
      <Filter>Sources\3rd Party\Imgui</Filter>
    </ClInclude>
    <ClInclude Include="Imgui\imgui.h">
      <Filter>Sources\3rd Party\Imgui</Filter>
    </ClInclude>
    <ClInclude Include="Imgui\imgui_impl_opengl3.h">
      <Filter>Sources\3rd Party\Imgui</Filter>
    </ClInclude>
    <ClInclude Include="Imgui\imgui_impl_sdl.h">
      <Filter>Sources\3rd Party\Imgui</Filter>
    </ClInclude>
    <ClInclude Include="Imgui\imgui_internal.h">
      <Filter>Sources\3rd Party\Imgui</Filter>
    </ClInclude>
    <ClInclude Include="Imgui\imstb_rectpack.h">
      <Filter>Sources\3rd Party\Imgui</Filter>
    </ClInclude>
    <ClInclude Include="Imgui\imstb_textedit.h">
      <Filter>Sources\3rd Party\Imgui</Filter>
    </ClInclude>
    <ClInclude Include="Imgui\imstb_truetype.h">
      <Filter>Sources\3rd Party\Imgui</Filter>
    </ClInclude>
    <ClInclude Include="Imgui\ImGuizmo\ImGuizmo.h">
      <Filter>Sources\3rd Party\Imgui\ImGuizmo</Filter>
    </ClInclude>
    <ClInclude Include="mmgr\mmgr.h">
      <Filter>Sources\3rd Party\mmgr</Filter>
    </ClInclude>
    <ClInclude Include="mmgr\nommgr.h">
      <Filter>Sources\3rd Party\mmgr</Filter>
    </ClInclude>
    <ClInclude Include="OpenGL.h">
      <Filter>Sources\Tools</Filter>
    </ClInclude>
    <ClInclude Include="PanelConsole.h">
      <Filter>Sources\EditorPanels</Filter>
    </ClInclude>
    <ClInclude Include="PanelInspector.h">
      <Filter>Sources\EditorPanels</Filter>
    </ClInclude>
    <ClInclude Include="PanelHierarchy.h">
      <Filter>Sources\EditorPanels</Filter>
    </ClInclude>
    <ClInclude Include="PanelScene.h">
      <Filter>Sources\EditorPanels</Filter>
    </ClInclude>
    <ClInclude Include="PanelToolbar.h">
      <Filter>Sources\EditorPanels</Filter>
    </ClInclude>
    <ClInclude Include="par\par_shapes.h">
      <Filter>Sources\3rd Party\par shapes</Filter>
    </ClInclude>
    <ClInclude Include="ModuleFileSystem.h">
      <Filter>Sources\Modules</Filter>
    </ClInclude>
    <ClInclude Include="JSONLoader.h">
      <Filter>Sources\Resources\Importers</Filter>
    </ClInclude>
    <ClInclude Include="VSresource.h">
      <Filter>Sources\VSResources</Filter>
    </ClInclude>
    <ClInclude Include="ModuleTextures.h">
      <Filter>Sources\Modules</Filter>
    </ClInclude>
    <ClInclude Include="Component.h">
      <Filter>Sources\Game Objects\Components</Filter>
    </ClInclude>
    <ClInclude Include="ComponentMesh.h">
      <Filter>Sources\Game Objects\Components</Filter>
    </ClInclude>
    <ClInclude Include="GameObject.h">
      <Filter>Sources\Game Objects</Filter>
    </ClInclude>
    <ClInclude Include="ModuleSceneManager.h">
      <Filter>Sources\Modules</Filter>
    </ClInclude>
    <ClInclude Include="Importer.h">
      <Filter>Sources\Resources\Importers</Filter>
    </ClInclude>
    <ClInclude Include="ImporterScene.h">
      <Filter>Sources\Resources\Importers</Filter>
    </ClInclude>
    <ClInclude Include="ImporterMesh.h">
      <Filter>Sources\Resources\Importers</Filter>
    </ClInclude>
    <ClInclude Include="ImporterMaterial.h">
      <Filter>Sources\Resources\Importers</Filter>
    </ClInclude>
    <ClInclude Include="ComponentTransform.h">
      <Filter>Sources\Game Objects\Components</Filter>
    </ClInclude>
    <ClInclude Include="Resource.h">
      <Filter>Sources\Resources</Filter>
    </ClInclude>
    <ClInclude Include="ResourceMesh.h">
      <Filter>Sources\Resources</Filter>
    </ClInclude>
    <ClInclude Include="ResourceTexture.h">
      <Filter>Sources\Resources</Filter>
    </ClInclude>
    <ClInclude Include="ResourceMaterial.h">
      <Filter>Sources\Resources</Filter>
    </ClInclude>
    <ClInclude Include="PanelProject.h">
      <Filter>Sources\EditorPanels</Filter>
    </ClInclude>
    <ClInclude Include="ComponentCamera.h">
      <Filter>Sources\Game Objects\Components</Filter>
    </ClInclude>
    <ClInclude Include="Quadtree.h">
      <Filter>Sources\Containers</Filter>
    </ClInclude>
    <ClInclude Include="MathGeoLib\include\MathBuildConfig.h">
      <Filter>Sources\3rd Party\MathGeoLib</Filter>
    </ClInclude>
    <ClInclude Include="MathGeoLib\include\MathGeoLib.h">
      <Filter>Sources\3rd Party\MathGeoLib</Filter>
    </ClInclude>
    <ClInclude Include="MathGeoLib\include\MathGeoLibFwd.h">
      <Filter>Sources\3rd Party\MathGeoLib</Filter>
    </ClInclude>
    <ClInclude Include="MathGeoLib\include\Algorithm\GJK.h">
      <Filter>Sources\3rd Party\MathGeoLib\Algorithm</Filter>
    </ClInclude>
    <ClInclude Include="MathGeoLib\include\Algorithm\GJK2D.h">
      <Filter>Sources\3rd Party\MathGeoLib\Algorithm</Filter>
    </ClInclude>
    <ClInclude Include="MathGeoLib\include\Algorithm\SAT.h">
      <Filter>Sources\3rd Party\MathGeoLib\Algorithm</Filter>
    </ClInclude>
    <ClInclude Include="MathGeoLib\include\Algorithm\Random\LCG.h">
      <Filter>Sources\3rd Party\MathGeoLib\Algorithm\Random</Filter>
    </ClInclude>
    <ClInclude Include="MathGeoLib\include\Geometry\AABB.h">
      <Filter>Sources\3rd Party\MathGeoLib\Geometry</Filter>
    </ClInclude>
    <ClInclude Include="MathGeoLib\include\Geometry\AABB2D.h">
      <Filter>Sources\3rd Party\MathGeoLib\Geometry</Filter>
    </ClInclude>
    <ClInclude Include="MathGeoLib\include\Geometry\Capsule.h">
      <Filter>Sources\3rd Party\MathGeoLib\Geometry</Filter>
    </ClInclude>
    <ClInclude Include="MathGeoLib\include\Geometry\Circle.h">
      <Filter>Sources\3rd Party\MathGeoLib\Geometry</Filter>
    </ClInclude>
    <ClInclude Include="MathGeoLib\include\Geometry\Circle2D.h">
      <Filter>Sources\3rd Party\MathGeoLib\Geometry</Filter>
    </ClInclude>
    <ClInclude Include="MathGeoLib\include\Geometry\Frustum.h">
      <Filter>Sources\3rd Party\MathGeoLib\Geometry</Filter>
    </ClInclude>
    <ClInclude Include="MathGeoLib\include\Geometry\GeometryAll.h">
      <Filter>Sources\3rd Party\MathGeoLib\Geometry</Filter>
    </ClInclude>
    <ClInclude Include="MathGeoLib\include\Geometry\GeomType.h">
      <Filter>Sources\3rd Party\MathGeoLib\Geometry</Filter>
    </ClInclude>
    <ClInclude Include="MathGeoLib\include\Geometry\HitInfo.h">
      <Filter>Sources\3rd Party\MathGeoLib\Geometry</Filter>
    </ClInclude>
    <ClInclude Include="MathGeoLib\include\Geometry\KDTree.h">
      <Filter>Sources\3rd Party\MathGeoLib\Geometry</Filter>
    </ClInclude>
    <ClInclude Include="MathGeoLib\include\Geometry\Line.h">
      <Filter>Sources\3rd Party\MathGeoLib\Geometry</Filter>
    </ClInclude>
    <ClInclude Include="MathGeoLib\include\Geometry\LineSegment.h">
      <Filter>Sources\3rd Party\MathGeoLib\Geometry</Filter>
    </ClInclude>
    <ClInclude Include="MathGeoLib\include\Geometry\LineSegment2D.h">
      <Filter>Sources\3rd Party\MathGeoLib\Geometry</Filter>
    </ClInclude>
    <ClInclude Include="MathGeoLib\include\Geometry\OBB.h">
      <Filter>Sources\3rd Party\MathGeoLib\Geometry</Filter>
    </ClInclude>
    <ClInclude Include="MathGeoLib\include\Geometry\OBB2D.h">
      <Filter>Sources\3rd Party\MathGeoLib\Geometry</Filter>
    </ClInclude>
    <ClInclude Include="MathGeoLib\include\Geometry\PBVolume.h">
      <Filter>Sources\3rd Party\MathGeoLib\Geometry</Filter>
    </ClInclude>
    <ClInclude Include="MathGeoLib\include\Geometry\Plane.h">
      <Filter>Sources\3rd Party\MathGeoLib\Geometry</Filter>
    </ClInclude>
    <ClInclude Include="MathGeoLib\include\Geometry\Polygon.h">
      <Filter>Sources\3rd Party\MathGeoLib\Geometry</Filter>
    </ClInclude>
    <ClInclude Include="MathGeoLib\include\Geometry\Polygon2DRef.h">
      <Filter>Sources\3rd Party\MathGeoLib\Geometry</Filter>
    </ClInclude>
    <ClInclude Include="MathGeoLib\include\Geometry\Polyhedron.h">
      <Filter>Sources\3rd Party\MathGeoLib\Geometry</Filter>
    </ClInclude>
    <ClInclude Include="MathGeoLib\include\Geometry\QuadTree.h">
      <Filter>Sources\3rd Party\MathGeoLib\Geometry</Filter>
    </ClInclude>
    <ClInclude Include="MathGeoLib\include\Geometry\Ray.h">
      <Filter>Sources\3rd Party\MathGeoLib\Geometry</Filter>
    </ClInclude>
    <ClInclude Include="MathGeoLib\include\Geometry\Sphere.h">
      <Filter>Sources\3rd Party\MathGeoLib\Geometry</Filter>
    </ClInclude>
    <ClInclude Include="MathGeoLib\include\Geometry\Triangle.h">
      <Filter>Sources\3rd Party\MathGeoLib\Geometry</Filter>
    </ClInclude>
    <ClInclude Include="MathGeoLib\include\Geometry\Triangle2D.h">
      <Filter>Sources\3rd Party\MathGeoLib\Geometry</Filter>
    </ClInclude>
    <ClInclude Include="MathGeoLib\include\Geometry\TriangleMesh.h">
      <Filter>Sources\3rd Party\MathGeoLib\Geometry</Filter>
    </ClInclude>
    <ClInclude Include="MathGeoLib\include\Math\assume.h">
      <Filter>Sources\3rd Party\MathGeoLib\Math</Filter>
    </ClInclude>
    <ClInclude Include="MathGeoLib\include\Math\BitOps.h">
      <Filter>Sources\3rd Party\MathGeoLib\Math</Filter>
    </ClInclude>
    <ClInclude Include="MathGeoLib\include\Math\Callstack.h">
      <Filter>Sources\3rd Party\MathGeoLib\Math</Filter>
    </ClInclude>
    <ClInclude Include="MathGeoLib\include\Math\FixedPoint.h">
      <Filter>Sources\3rd Party\MathGeoLib\Math</Filter>
    </ClInclude>
    <ClInclude Include="MathGeoLib\include\Math\float2.h">
      <Filter>Sources\3rd Party\MathGeoLib\Math</Filter>
    </ClInclude>
    <ClInclude Include="MathGeoLib\include\Math\float3.h">
      <Filter>Sources\3rd Party\MathGeoLib\Math</Filter>
    </ClInclude>
    <ClInclude Include="MathGeoLib\include\Math\float3x3.h">
      <Filter>Sources\3rd Party\MathGeoLib\Math</Filter>
    </ClInclude>
    <ClInclude Include="MathGeoLib\include\Math\float3x4.h">
      <Filter>Sources\3rd Party\MathGeoLib\Math</Filter>
    </ClInclude>
    <ClInclude Include="MathGeoLib\include\Math\float4.h">
      <Filter>Sources\3rd Party\MathGeoLib\Math</Filter>
    </ClInclude>
    <ClInclude Include="MathGeoLib\include\Math\float4_neon.h">
      <Filter>Sources\3rd Party\MathGeoLib\Math</Filter>
    </ClInclude>
    <ClInclude Include="MathGeoLib\include\Math\float4_sse.h">
      <Filter>Sources\3rd Party\MathGeoLib\Math</Filter>
    </ClInclude>
    <ClInclude Include="MathGeoLib\include\Math\float4d.h">
      <Filter>Sources\3rd Party\MathGeoLib\Math</Filter>
    </ClInclude>
    <ClInclude Include="MathGeoLib\include\Math\float4x4.h">
      <Filter>Sources\3rd Party\MathGeoLib\Math</Filter>
    </ClInclude>
    <ClInclude Include="MathGeoLib\include\Math\float4x4_neon.h">
      <Filter>Sources\3rd Party\MathGeoLib\Math</Filter>
    </ClInclude>
    <ClInclude Include="MathGeoLib\include\Math\float4x4_sse.h">
      <Filter>Sources\3rd Party\MathGeoLib\Math</Filter>
    </ClInclude>
    <ClInclude Include="MathGeoLib\include\Math\FloatCmp.h">
      <Filter>Sources\3rd Party\MathGeoLib\Math</Filter>
    </ClInclude>
    <ClInclude Include="MathGeoLib\include\Math\grisu3.h">
      <Filter>Sources\3rd Party\MathGeoLib\Math</Filter>
    </ClInclude>
    <ClInclude Include="MathGeoLib\include\Math\InclWindows.h">
      <Filter>Sources\3rd Party\MathGeoLib\Math</Filter>
    </ClInclude>
    <ClInclude Include="MathGeoLib\include\Math\MathAll.h">
      <Filter>Sources\3rd Party\MathGeoLib\Math</Filter>
    </ClInclude>
    <ClInclude Include="MathGeoLib\include\Math\MathConstants.h">
      <Filter>Sources\3rd Party\MathGeoLib\Math</Filter>
    </ClInclude>
    <ClInclude Include="MathGeoLib\include\Math\MathFunc.h">
      <Filter>Sources\3rd Party\MathGeoLib\Math</Filter>
    </ClInclude>
    <ClInclude Include="MathGeoLib\include\Math\MathLog.h">
      <Filter>Sources\3rd Party\MathGeoLib\Math</Filter>
    </ClInclude>
    <ClInclude Include="MathGeoLib\include\Math\MathNamespace.h">
      <Filter>Sources\3rd Party\MathGeoLib\Math</Filter>
    </ClInclude>
    <ClInclude Include="MathGeoLib\include\Math\MathTypes.h">
      <Filter>Sources\3rd Party\MathGeoLib\Math</Filter>
    </ClInclude>
    <ClInclude Include="MathGeoLib\include\Math\MatrixProxy.h">
      <Filter>Sources\3rd Party\MathGeoLib\Math</Filter>
    </ClInclude>
    <ClInclude Include="MathGeoLib\include\Math\MiniFloat.h">
      <Filter>Sources\3rd Party\MathGeoLib\Math</Filter>
    </ClInclude>
    <ClInclude Include="MathGeoLib\include\Math\MultiLineMacro.h">
      <Filter>Sources\3rd Party\MathGeoLib\Math</Filter>
    </ClInclude>
    <ClInclude Include="MathGeoLib\include\Math\myassert.h">
      <Filter>Sources\3rd Party\MathGeoLib\Math</Filter>
    </ClInclude>
    <ClInclude Include="MathGeoLib\include\Math\Polynomial.h">
      <Filter>Sources\3rd Party\MathGeoLib\Math</Filter>
    </ClInclude>
    <ClInclude Include="MathGeoLib\include\Math\Quat.h">
      <Filter>Sources\3rd Party\MathGeoLib\Math</Filter>
    </ClInclude>
    <ClInclude Include="MathGeoLib\include\Math\quat_simd.h">
      <Filter>Sources\3rd Party\MathGeoLib\Math</Filter>
    </ClInclude>
    <ClInclude Include="MathGeoLib\include\Math\Rect.h">
      <Filter>Sources\3rd Party\MathGeoLib\Math</Filter>
    </ClInclude>
    <ClInclude Include="MathGeoLib\include\Math\Reinterpret.h">
      <Filter>Sources\3rd Party\MathGeoLib\Math</Filter>
    </ClInclude>
    <ClInclude Include="MathGeoLib\include\Math\simd.h">
      <Filter>Sources\3rd Party\MathGeoLib\Math</Filter>
    </ClInclude>
    <ClInclude Include="MathGeoLib\include\Math\sse_mathfun.h">
      <Filter>Sources\3rd Party\MathGeoLib\Math</Filter>
    </ClInclude>
    <ClInclude Include="MathGeoLib\include\Math\SSEMath.h">
      <Filter>Sources\3rd Party\MathGeoLib\Math</Filter>
    </ClInclude>
    <ClInclude Include="MathGeoLib\include\Math\Swap.h">
      <Filter>Sources\3rd Party\MathGeoLib\Math</Filter>
    </ClInclude>
    <ClInclude Include="MathGeoLib\include\Math\TransformOps.h">
      <Filter>Sources\3rd Party\MathGeoLib\Math</Filter>
    </ClInclude>
    <ClInclude Include="MathGeoLib\include\Math\vec2d.h">
      <Filter>Sources\3rd Party\MathGeoLib\Math</Filter>
    </ClInclude>
    <ClInclude Include="MathGeoLib\include\Time\Clock.h">
      <Filter>Sources\3rd Party\MathGeoLib\Time</Filter>
    </ClInclude>
    <ClInclude Include="MathGeoLib\include\SystemInfo.h">
      <Filter>Sources\3rd Party</Filter>
    </ClInclude>
    <ClInclude Include="ModuleTimeManager.h">
      <Filter>Sources\Modules</Filter>
    </ClInclude>
    <ClInclude Include="ResourceShader.h">
      <Filter>Sources\Resources</Filter>
    </ClInclude>
    <ClInclude Include="ImporterShader.h">
      <Filter>Sources\Resources\Importers</Filter>
    </ClInclude>
    <ClInclude Include="PanelShaderEditor.h">
      <Filter>Sources\EditorPanels</Filter>
    </ClInclude>
    <ClInclude Include="ResourceModel.h">
      <Filter>Sources\Resources</Filter>
    </ClInclude>
    <ClInclude Include="ResourceScene.h">
      <Filter>Sources\Resources</Filter>
    </ClInclude>
    <ClInclude Include="ResourceShaderProgram.h">
      <Filter>Sources\Resources</Filter>
    </ClInclude>
    <ClInclude Include="ResourceShaderObject.h">
      <Filter>Sources\Resources</Filter>
    </ClInclude>
    <ClInclude Include="ResourceFolder.h">
      <Filter>Sources\Resources</Filter>
    </ClInclude>
    <ClInclude Include="ImporterModel.h">
      <Filter>Sources\Resources\Importers</Filter>
    </ClInclude>
    <ClInclude Include="Resources.h">
      <Filter>Sources\Tools</Filter>
    </ClInclude>
    <ClInclude Include="Importers.h">
      <Filter>Sources\Tools</Filter>
    </ClInclude>
    <ClInclude Include="ResourceMeta.h">
      <Filter>Sources\Resources</Filter>
    </ClInclude>
    <ClInclude Include="ImporterMeta.h">
      <Filter>Sources\Resources\Importers</Filter>
    </ClInclude>
    <ClInclude Include="ImporterFolder.h">
      <Filter>Sources\Resources\Importers</Filter>
    </ClInclude>
    <ClInclude Include="Components.h">
      <Filter>Sources\Tools</Filter>
    </ClInclude>
    <ClInclude Include="ModuleEventManager.h">
      <Filter>Sources\Modules</Filter>
    </ClInclude>
    <ClInclude Include="Panels.h">
      <Filter>Sources\Tools</Filter>
    </ClInclude>
    <ClInclude Include="ComponentMeshRenderer.h">
      <Filter>Sources\Game Objects\Components</Filter>
    </ClInclude>
    <ClInclude Include="ImporterTexture.h">
      <Filter>Sources\Resources\Importers</Filter>
    </ClInclude>
    <ClInclude Include="PanelResources.h">
      <Filter>Sources\EditorPanels</Filter>
    </ClInclude>
    <ClInclude Include="ModuleResourceManager.h">
      <Filter>Sources\Modules</Filter>
    </ClInclude>
    <ClInclude Include="ModuleThreading.h">
      <Filter>Sources\Modules</Filter>
    </ClInclude>
    <ClInclude Include="glad\include\KHR\khrplatform.h">
      <Filter>Sources\3rd Party\glad</Filter>
    </ClInclude>
    <ClInclude Include="glad\include\glad\glad.h">
      <Filter>Sources\3rd Party\glad</Filter>
    </ClInclude>
    <ClInclude Include="ModulePhysics.h">
      <Filter>Sources\Modules</Filter>
    </ClInclude>
    <ClInclude Include="ComponentCollider.h">
      <Filter>Sources\Game Objects\Components</Filter>
    </ClInclude>
    <ClInclude Include="ComponentDynamicRigidBody.h">
      <Filter>Sources\Game Objects\Components</Filter>
    </ClInclude>
    <ClInclude Include="ModuleParticles.h">
      <Filter>Sources\Modules</Filter>
    </ClInclude>
    <ClInclude Include="Errors.h" />
    <ClInclude Include="gpudetect\DeviceId.h" />
    <ClInclude Include="gpudetect\dxgi1_4.h" />
    <ClInclude Include="ComponentParticleEmitter.h">
      <Filter>Sources\Game Objects\Components</Filter>
    </ClInclude>
    <ClInclude Include="Particle.h">
      <Filter>Sources\Game Objects</Filter>
    </ClInclude>
  </ItemGroup>
  <ItemGroup>
    <ClCompile Include="ModuleCamera3D.cpp">
      <Filter>Sources\Modules</Filter>
    </ClCompile>
    <ClCompile Include="ModuleInput.cpp">
      <Filter>Sources\Modules</Filter>
    </ClCompile>
    <ClCompile Include="ModuleRenderer3D.cpp">
      <Filter>Sources\Modules</Filter>
    </ClCompile>
    <ClCompile Include="ModuleWindow.cpp">
      <Filter>Sources\Modules</Filter>
    </ClCompile>
    <ClCompile Include="Timer.cpp">
      <Filter>Sources\Tools</Filter>
    </ClCompile>
    <ClCompile Include="Application.cpp">
      <Filter>Sources</Filter>
    </ClCompile>
    <ClCompile Include="Main.cpp">
      <Filter>Sources</Filter>
    </ClCompile>
    <ClCompile Include="Color.cpp">
      <Filter>Sources\Containers</Filter>
    </ClCompile>
    <ClCompile Include="Light.cpp">
      <Filter>Sources\Tools\Helpers</Filter>
    </ClCompile>
    <ClCompile Include="ModuleHardware.cpp">
      <Filter>Sources\Modules</Filter>
    </ClCompile>
    <ClCompile Include="ModuleGui.cpp">
      <Filter>Sources\Modules</Filter>
    </ClCompile>
    <ClCompile Include="Panel.cpp">
      <Filter>Sources\EditorPanels</Filter>
    </ClCompile>
    <ClCompile Include="PanelAbout.cpp">
      <Filter>Sources\EditorPanels</Filter>
    </ClCompile>
    <ClCompile Include="PanelSettings.cpp">
      <Filter>Sources\EditorPanels</Filter>
    </ClCompile>
    <ClCompile Include="PerfTimer.cpp">
      <Filter>Sources\Tools</Filter>
    </ClCompile>
    <ClCompile Include="Imgui\imgui.cpp">
      <Filter>Sources\3rd Party\Imgui</Filter>
    </ClCompile>
    <ClCompile Include="Imgui\imgui_demo.cpp">
      <Filter>Sources\3rd Party\Imgui</Filter>
    </ClCompile>
    <ClCompile Include="Imgui\imgui_draw.cpp">
      <Filter>Sources\3rd Party\Imgui</Filter>
    </ClCompile>
    <ClCompile Include="Imgui\imgui_impl_opengl3.cpp">
      <Filter>Sources\3rd Party\Imgui</Filter>
    </ClCompile>
    <ClCompile Include="Imgui\imgui_impl_sdl.cpp">
      <Filter>Sources\3rd Party\Imgui</Filter>
    </ClCompile>
    <ClCompile Include="Imgui\imgui_widgets.cpp">
      <Filter>Sources\3rd Party\Imgui</Filter>
    </ClCompile>
    <ClCompile Include="Imgui\ImGuizmo\ImGuizmo.cpp">
      <Filter>Sources\3rd Party\Imgui\ImGuizmo</Filter>
    </ClCompile>
    <ClCompile Include="mmgr\mmgr.cpp">
      <Filter>Sources\3rd Party\mmgr</Filter>
    </ClCompile>
    <ClCompile Include="Globals.cpp">
      <Filter>Sources</Filter>
    </ClCompile>
    <ClCompile Include="PanelConsole.cpp">
      <Filter>Sources\EditorPanels</Filter>
    </ClCompile>
    <ClCompile Include="PanelInspector.cpp">
      <Filter>Sources\EditorPanels</Filter>
    </ClCompile>
    <ClCompile Include="PanelHierarchy.cpp">
      <Filter>Sources\EditorPanels</Filter>
    </ClCompile>
    <ClCompile Include="PanelScene.cpp">
      <Filter>Sources\EditorPanels</Filter>
    </ClCompile>
    <ClCompile Include="PanelToolbar.cpp">
      <Filter>Sources\EditorPanels</Filter>
    </ClCompile>
    <ClCompile Include="ModuleFileSystem.cpp">
      <Filter>Sources\Modules</Filter>
    </ClCompile>
    <ClCompile Include="JSONLoader.cpp">
      <Filter>Sources\Resources\Importers</Filter>
    </ClCompile>
    <ClCompile Include="ModuleTextures.cpp">
      <Filter>Sources\Modules</Filter>
    </ClCompile>
    <ClCompile Include="Component.cpp">
      <Filter>Sources\Game Objects\Components</Filter>
    </ClCompile>
    <ClCompile Include="ComponentMesh.cpp">
      <Filter>Sources\Game Objects\Components</Filter>
    </ClCompile>
    <ClCompile Include="GameObject.cpp">
      <Filter>Sources\Game Objects</Filter>
    </ClCompile>
    <ClCompile Include="ModuleSceneManager.cpp">
      <Filter>Sources\Modules</Filter>
    </ClCompile>
    <ClCompile Include="Importer.cpp">
      <Filter>Sources\Resources\Importers</Filter>
    </ClCompile>
    <ClCompile Include="ImporterScene.cpp">
      <Filter>Sources\Resources\Importers</Filter>
    </ClCompile>
    <ClCompile Include="ImporterMesh.cpp">
      <Filter>Sources\Resources\Importers</Filter>
    </ClCompile>
    <ClCompile Include="ImporterMaterial.cpp">
      <Filter>Sources\Resources\Importers</Filter>
    </ClCompile>
    <ClCompile Include="ComponentTransform.cpp">
      <Filter>Sources\Game Objects\Components</Filter>
    </ClCompile>
    <ClCompile Include="Resource.cpp">
      <Filter>Sources\Resources</Filter>
    </ClCompile>
    <ClCompile Include="ResourceMesh.cpp">
      <Filter>Sources\Resources</Filter>
    </ClCompile>
    <ClCompile Include="ResourceTexture.cpp">
      <Filter>Sources\Resources</Filter>
    </ClCompile>
    <ClCompile Include="ResourceMaterial.cpp">
      <Filter>Sources\Resources</Filter>
    </ClCompile>
    <ClCompile Include="PanelProject.cpp">
      <Filter>Sources\EditorPanels</Filter>
    </ClCompile>
    <ClCompile Include="ComponentCamera.cpp">
      <Filter>Sources\Game Objects\Components</Filter>
    </ClCompile>
    <ClCompile Include="Quadtree.cpp">
      <Filter>Sources\Containers</Filter>
    </ClCompile>
    <ClCompile Include="MathGeoLib\include\Algorithm\GJK.cpp">
      <Filter>Sources\3rd Party\MathGeoLib\Algorithm</Filter>
    </ClCompile>
    <ClCompile Include="MathGeoLib\include\Algorithm\GJK2D.cpp">
      <Filter>Sources\3rd Party\MathGeoLib\Algorithm</Filter>
    </ClCompile>
    <ClCompile Include="MathGeoLib\include\Algorithm\SAT.cpp">
      <Filter>Sources\3rd Party\MathGeoLib\Algorithm</Filter>
    </ClCompile>
    <ClCompile Include="MathGeoLib\include\Algorithm\Random\LCG.cpp">
      <Filter>Sources\3rd Party\MathGeoLib\Algorithm\Random</Filter>
    </ClCompile>
    <ClCompile Include="MathGeoLib\include\Geometry\AABB.cpp">
      <Filter>Sources\3rd Party\MathGeoLib\Geometry</Filter>
    </ClCompile>
    <ClCompile Include="MathGeoLib\include\Geometry\Capsule.cpp">
      <Filter>Sources\3rd Party\MathGeoLib\Geometry</Filter>
    </ClCompile>
    <ClCompile Include="MathGeoLib\include\Geometry\Circle.cpp">
      <Filter>Sources\3rd Party\MathGeoLib\Geometry</Filter>
    </ClCompile>
    <ClCompile Include="MathGeoLib\include\Geometry\Circle2D.cpp">
      <Filter>Sources\3rd Party\MathGeoLib\Geometry</Filter>
    </ClCompile>
    <ClCompile Include="MathGeoLib\include\Geometry\Frustum.cpp">
      <Filter>Sources\3rd Party\MathGeoLib\Geometry</Filter>
    </ClCompile>
    <ClCompile Include="MathGeoLib\include\Geometry\Line.cpp">
      <Filter>Sources\3rd Party\MathGeoLib\Geometry</Filter>
    </ClCompile>
    <ClCompile Include="MathGeoLib\include\Geometry\LineSegment.cpp">
      <Filter>Sources\3rd Party\MathGeoLib\Geometry</Filter>
    </ClCompile>
    <ClCompile Include="MathGeoLib\include\Geometry\LineSegment2D.cpp">
      <Filter>Sources\3rd Party\MathGeoLib\Geometry</Filter>
    </ClCompile>
    <ClCompile Include="MathGeoLib\include\Geometry\OBB.cpp">
      <Filter>Sources\3rd Party\MathGeoLib\Geometry</Filter>
    </ClCompile>
    <ClCompile Include="MathGeoLib\include\Geometry\PBVolume.cpp">
      <Filter>Sources\3rd Party\MathGeoLib\Geometry</Filter>
    </ClCompile>
    <ClCompile Include="MathGeoLib\include\Geometry\Plane.cpp">
      <Filter>Sources\3rd Party\MathGeoLib\Geometry</Filter>
    </ClCompile>
    <ClCompile Include="MathGeoLib\include\Geometry\Polygon.cpp">
      <Filter>Sources\3rd Party\MathGeoLib\Geometry</Filter>
    </ClCompile>
    <ClCompile Include="MathGeoLib\include\Geometry\Polyhedron.cpp">
      <Filter>Sources\3rd Party\MathGeoLib\Geometry</Filter>
    </ClCompile>
    <ClCompile Include="MathGeoLib\include\Geometry\Ray.cpp">
      <Filter>Sources\3rd Party\MathGeoLib\Geometry</Filter>
    </ClCompile>
    <ClCompile Include="MathGeoLib\include\Geometry\Sphere.cpp">
      <Filter>Sources\3rd Party\MathGeoLib\Geometry</Filter>
    </ClCompile>
    <ClCompile Include="MathGeoLib\include\Geometry\Triangle.cpp">
      <Filter>Sources\3rd Party\MathGeoLib\Geometry</Filter>
    </ClCompile>
    <ClCompile Include="MathGeoLib\include\Geometry\Triangle2D.cpp">
      <Filter>Sources\3rd Party\MathGeoLib\Geometry</Filter>
    </ClCompile>
    <ClCompile Include="MathGeoLib\include\Geometry\TriangleMesh.cpp">
      <Filter>Sources\3rd Party\MathGeoLib\Geometry</Filter>
    </ClCompile>
    <ClCompile Include="MathGeoLib\include\Math\BitOps.cpp">
      <Filter>Sources\3rd Party\MathGeoLib\Math</Filter>
    </ClCompile>
    <ClCompile Include="MathGeoLib\include\Math\Callstack.cpp">
      <Filter>Sources\3rd Party\MathGeoLib\Math</Filter>
    </ClCompile>
    <ClCompile Include="MathGeoLib\include\Math\float2.cpp">
      <Filter>Sources\3rd Party\MathGeoLib\Math</Filter>
    </ClCompile>
    <ClCompile Include="MathGeoLib\include\Math\float3.cpp">
      <Filter>Sources\3rd Party\MathGeoLib\Math</Filter>
    </ClCompile>
    <ClCompile Include="MathGeoLib\include\Math\float3x3.cpp">
      <Filter>Sources\3rd Party\MathGeoLib\Math</Filter>
    </ClCompile>
    <ClCompile Include="MathGeoLib\include\Math\float3x4.cpp">
      <Filter>Sources\3rd Party\MathGeoLib\Math</Filter>
    </ClCompile>
    <ClCompile Include="MathGeoLib\include\Math\float4.cpp">
      <Filter>Sources\3rd Party\MathGeoLib\Math</Filter>
    </ClCompile>
    <ClCompile Include="MathGeoLib\include\Math\float4d.cpp">
      <Filter>Sources\3rd Party\MathGeoLib\Math</Filter>
    </ClCompile>
    <ClCompile Include="MathGeoLib\include\Math\float4x4.cpp">
      <Filter>Sources\3rd Party\MathGeoLib\Math</Filter>
    </ClCompile>
    <ClCompile Include="MathGeoLib\include\Math\grisu3.c">
      <Filter>Sources\3rd Party\MathGeoLib\Math</Filter>
    </ClCompile>
    <ClCompile Include="MathGeoLib\include\Math\grisu3_cpp.cpp">
      <Filter>Sources\3rd Party\MathGeoLib\Math</Filter>
    </ClCompile>
    <ClCompile Include="MathGeoLib\include\Math\MathFunc.cpp">
      <Filter>Sources\3rd Party\MathGeoLib\Math</Filter>
    </ClCompile>
    <ClCompile Include="MathGeoLib\include\Math\MathLog.cpp">
      <Filter>Sources\3rd Party\MathGeoLib\Math</Filter>
    </ClCompile>
    <ClCompile Include="MathGeoLib\include\Math\MathOps.cpp">
      <Filter>Sources\3rd Party\MathGeoLib\Math</Filter>
    </ClCompile>
    <ClCompile Include="MathGeoLib\include\Math\MiniFloat.cpp">
      <Filter>Sources\3rd Party\MathGeoLib\Math</Filter>
    </ClCompile>
    <ClCompile Include="MathGeoLib\include\Math\Polynomial.cpp">
      <Filter>Sources\3rd Party\MathGeoLib\Math</Filter>
    </ClCompile>
    <ClCompile Include="MathGeoLib\include\Math\Quat.cpp">
      <Filter>Sources\3rd Party\MathGeoLib\Math</Filter>
    </ClCompile>
    <ClCompile Include="MathGeoLib\include\Math\SSEMath.cpp">
      <Filter>Sources\3rd Party\MathGeoLib\Math</Filter>
    </ClCompile>
    <ClCompile Include="MathGeoLib\include\Math\TransformOps.cpp">
      <Filter>Sources\3rd Party\MathGeoLib\Math</Filter>
    </ClCompile>
    <ClCompile Include="MathGeoLib\include\Time\Clock.cpp">
      <Filter>Sources\3rd Party\MathGeoLib\Time</Filter>
    </ClCompile>
    <ClCompile Include="MathGeoLib\include\SystemInfo.cpp">
      <Filter>Sources\3rd Party</Filter>
    </ClCompile>
    <ClCompile Include="ModuleTimeManager.cpp">
      <Filter>Sources\Modules</Filter>
    </ClCompile>
    <ClCompile Include="ResourceShader.cpp">
      <Filter>Sources\Resources</Filter>
    </ClCompile>
    <ClCompile Include="ImporterShader.cpp">
      <Filter>Sources\Resources\Importers</Filter>
    </ClCompile>
    <ClCompile Include="PanelShaderEditor.cpp">
      <Filter>Sources\EditorPanels</Filter>
    </ClCompile>
    <ClCompile Include="ResourceModel.cpp">
      <Filter>Sources\Resources</Filter>
    </ClCompile>
    <ClCompile Include="ResourceScene.cpp">
      <Filter>Sources\Resources</Filter>
    </ClCompile>
    <ClCompile Include="ResourceShaderProgram.cpp">
      <Filter>Sources\Resources</Filter>
    </ClCompile>
    <ClCompile Include="ResourceShaderObject.cpp">
      <Filter>Sources\Resources</Filter>
    </ClCompile>
    <ClCompile Include="ResourceFolder.cpp">
      <Filter>Sources\Resources</Filter>
    </ClCompile>
    <ClCompile Include="ImporterModel.cpp">
      <Filter>Sources\Resources\Importers</Filter>
    </ClCompile>
    <ClCompile Include="ResourceMeta.cpp">
      <Filter>Sources\Resources</Filter>
    </ClCompile>
    <ClCompile Include="ImporterMeta.cpp">
      <Filter>Sources\Resources\Importers</Filter>
    </ClCompile>
    <ClCompile Include="ImporterFolder.cpp">
      <Filter>Sources\Resources\Importers</Filter>
    </ClCompile>
    <ClCompile Include="ModuleEventManager.cpp">
      <Filter>Sources\Modules</Filter>
    </ClCompile>
    <ClCompile Include="ComponentMeshRenderer.cpp">
      <Filter>Sources\Game Objects\Components</Filter>
    </ClCompile>
    <ClCompile Include="ImporterTexture.cpp">
      <Filter>Sources\Resources\Importers</Filter>
    </ClCompile>
    <ClCompile Include="PanelResources.cpp">
      <Filter>Sources\EditorPanels</Filter>
    </ClCompile>
    <ClCompile Include="ModuleResourceManager.cpp">
      <Filter>Sources\Modules</Filter>
    </ClCompile>
    <ClCompile Include="ModuleThreading.cpp">
      <Filter>Sources\Modules</Filter>
    </ClCompile>
    <ClCompile Include="glad\src\glad.c">
      <Filter>Sources\3rd Party\glad</Filter>
    </ClCompile>
    <ClCompile Include="ModulePhysics.cpp">
      <Filter>Sources\Modules</Filter>
    </ClCompile>
    <ClCompile Include="ComponentCollider.cpp">
      <Filter>Sources\Game Objects\Components</Filter>
    </ClCompile>
    <ClCompile Include="ComponentDynamicRigidBody.cpp">
      <Filter>Sources\Game Objects\Components</Filter>
    </ClCompile>
    <ClCompile Include="ModuleParticles.cpp">
      <Filter>Sources\Modules</Filter>
    </ClCompile>
    <ClCompile Include="gpudetect\DeviceId.cpp" />
    <ClCompile Include="ComponentParticleEmitter.cpp">
      <Filter>Sources\Game Objects\Components</Filter>
    </ClCompile>
    <ClCompile Include="Particle.cpp">
      <Filter>Sources\Game Objects</Filter>
    </ClCompile>
  </ItemGroup>
  <ItemGroup>
    <Image Include="EXE ICON.ico">
      <Filter>Sources\VSResources</Filter>
    </Image>
  </ItemGroup>
  <ItemGroup>
    <None Include="MathGeoLib\include\Geometry\KDTree.inl">
      <Filter>Sources\3rd Party\MathGeoLib\Geometry</Filter>
    </None>
    <None Include="MathGeoLib\include\Geometry\QuadTree.inl">
      <Filter>Sources\3rd Party\MathGeoLib\Geometry</Filter>
    </None>
    <None Include="MathGeoLib\include\Geometry\TriangleMesh_IntersectRay_AVX.inl">
      <Filter>Sources\3rd Party\MathGeoLib\Geometry</Filter>
    </None>
    <None Include="MathGeoLib\include\Geometry\TriangleMesh_IntersectRay_CPP.inl">
      <Filter>Sources\3rd Party\MathGeoLib\Geometry</Filter>
    </None>
    <None Include="MathGeoLib\include\Geometry\TriangleMesh_IntersectRay_SSE.inl">
      <Filter>Sources\3rd Party\MathGeoLib\Geometry</Filter>
    </None>
    <None Include="MathGeoLib\include\Math\float2.inl">
      <Filter>Sources\3rd Party\MathGeoLib\Math</Filter>
    </None>
    <None Include="MathGeoLib\include\Math\Matrix.inl">
      <Filter>Sources\3rd Party\MathGeoLib\Math</Filter>
    </None>
  </ItemGroup>
  <ItemGroup>
    <ResourceCompile Include="Broken Engine.rc">
      <Filter>Sources\VSResources</Filter>
    </ResourceCompile>
  </ItemGroup>
</Project>